<?xml version="1.0" encoding="utf-8"?>
<Project ToolsVersion="4.0" xmlns="http://schemas.microsoft.com/developer/msbuild/2003">
  <ItemGroup>
    <Filter Include="Source">
      <UniqueIdentifier>{241b992b-1ab2-4d74-a454-bd7dc4dbb7a6}</UniqueIdentifier>
    </Filter>
    <Filter Include="SoyLib">
      <UniqueIdentifier>{5fca03a2-531e-4020-b3a7-da724687bfc8}</UniqueIdentifier>
    </Filter>
    <Filter Include="Libs">
      <UniqueIdentifier>{c88a7747-c295-45e4-904f-27bc45759266}</UniqueIdentifier>
    </Filter>
    <Filter Include="Libs\LibFreenect2">
      <UniqueIdentifier>{71c18334-6dee-4751-a3bb-e0db88cff137}</UniqueIdentifier>
    </Filter>
    <Filter Include="Libs\LibFreenect">
      <UniqueIdentifier>{f27846a8-fdaf-4c0a-80c8-4d32ef36c6cc}</UniqueIdentifier>
    </Filter>
    <Filter Include="Libs\KinectAzure">
      <UniqueIdentifier>{50bc8efe-546f-4b5c-8cc9-0e632d3e50db}</UniqueIdentifier>
    </Filter>
    <Filter Include="Unity">
      <UniqueIdentifier>{1ba6344e-446c-4c80-8640-edf3db7faa5f}</UniqueIdentifier>
    </Filter>
    <Filter Include="PopCameraDevice.Linux">
      <UniqueIdentifier>{78d892bd-989c-4f4c-95cc-c9d559e8d044}</UniqueIdentifier>
    </Filter>
    <Filter Include="Source\json11">
      <UniqueIdentifier>{37d91a3b-5028-4c8d-821b-bc09032d1626}</UniqueIdentifier>
    </Filter>
  </ItemGroup>
  <ItemGroup>
    <ClCompile Include="..\Source\SoyLib\src\memheap.cpp">
      <Filter>SoyLib</Filter>
    </ClCompile>
    <ClCompile Include="..\Source\SoyLib\src\SoyDebug.cpp">
      <Filter>SoyLib</Filter>
    </ClCompile>
    <ClCompile Include="..\Source\SoyLib\src\SoyPixels.cpp">
      <Filter>SoyLib</Filter>
    </ClCompile>
    <ClCompile Include="..\Source\SoyLib\src\SoyString.cpp">
      <Filter>SoyLib</Filter>
    </ClCompile>
    <ClCompile Include="..\Source\SoyLib\src\SoyTypes.cpp">
      <Filter>SoyLib</Filter>
    </ClCompile>
    <ClCompile Include="..\Source\SoyLib\src\SoyTime.cpp">
      <Filter>SoyLib</Filter>
    </ClCompile>
    <ClCompile Include="..\Source\SoyLib\src\SoyPng.cpp">
      <Filter>SoyLib</Filter>
    </ClCompile>
    <ClCompile Include="..\Source\SoyLib\src\SoyAssert.cpp">
      <Filter>SoyLib</Filter>
    </ClCompile>
    <ClCompile Include="..\Source\SoyLib\src\SoyArray.cpp">
      <Filter>SoyLib</Filter>
    </ClCompile>
    <ClCompile Include="..\Source\PopCameraDevice.cpp">
      <Filter>Source</Filter>
    </ClCompile>
    <ClCompile Include="..\Source\TestDevice.cpp">
      <Filter>Source</Filter>
    </ClCompile>
    <ClCompile Include="..\Source\TCameraDevice.cpp">
      <Filter>Source</Filter>
    </ClCompile>
    <ClCompile Include="..\Source\MfCapture.cpp">
      <Filter>Source</Filter>
    </ClCompile>
    <ClCompile Include="..\Source\MfDecoder.cpp">
      <Filter>Source</Filter>
    </ClCompile>
    <ClCompile Include="..\Source\SoyLib\src\SoyThread.cpp">
      <Filter>SoyLib</Filter>
    </ClCompile>
    <ClCompile Include="..\Source\SoyLib\src\SoyMediaFormat.cpp">
      <Filter>SoyLib</Filter>
    </ClCompile>
    <ClCompile Include="..\Source\SoyLib\src\SoyMedia.cpp">
      <Filter>SoyLib</Filter>
    </ClCompile>
    <ClCompile Include="..\Source\SoyLib\src\SoyMediaFoundation.cpp">
      <Filter>SoyLib</Filter>
    </ClCompile>
    <ClCompile Include="..\Source\SoyLib\src\SoyMath.cpp">
      <Filter>SoyLib</Filter>
    </ClCompile>
    <ClCompile Include="..\Source\SoyLib\src\SoyJson.cpp">
      <Filter>SoyLib</Filter>
    </ClCompile>
    <ClCompile Include="..\Source\SoyLib\src\SoyWave.cpp">
      <Filter>SoyLib</Filter>
    </ClCompile>
    <ClCompile Include="..\Source\SoyLib\src\SoyH264.cpp">
      <Filter>SoyLib</Filter>
    </ClCompile>
    <ClCompile Include="..\Source\Kinect.cpp">
      <Filter>Source</Filter>
    </ClCompile>
    <ClCompile Include="..\Source\Freenect2.cpp">
      <Filter>Source</Filter>
    </ClCompile>
    <ClCompile Include="..\Source\Kinect2.cpp">
      <Filter>Source</Filter>
    </ClCompile>
    <ClCompile Include="..\Source\Freenect.cpp">
      <Filter>Source</Filter>
    </ClCompile>
    <ClCompile Include="..\Source\Libs\LibFreenect\LibFreenect\src\audio.c">
      <Filter>Libs\LibFreenect</Filter>
    </ClCompile>
    <ClCompile Include="..\Source\Libs\LibFreenect\LibFreenect\src\cameras.c">
      <Filter>Libs\LibFreenect</Filter>
    </ClCompile>
    <ClCompile Include="..\Source\Libs\LibFreenect\LibFreenect\src\core.c">
      <Filter>Libs\LibFreenect</Filter>
    </ClCompile>
    <ClCompile Include="..\Source\Libs\LibFreenect\LibFreenect\src\flags.c">
      <Filter>Libs\LibFreenect</Filter>
    </ClCompile>
    <ClCompile Include="..\Source\Libs\LibFreenect\LibFreenect\src\loader.c">
      <Filter>Libs\LibFreenect</Filter>
    </ClCompile>
    <ClCompile Include="..\Source\Libs\LibFreenect\LibFreenect\src\registration.c">
      <Filter>Libs\LibFreenect</Filter>
    </ClCompile>
    <ClCompile Include="..\Source\Libs\LibFreenect\LibFreenect\src\tilt.c">
      <Filter>Libs\LibFreenect</Filter>
    </ClCompile>
    <ClCompile Include="..\Source\Libs\LibFreenect\LibFreenect\src\usb_libusb10.c">
      <Filter>Libs\LibFreenect</Filter>
    </ClCompile>
    <ClCompile Include="..\Source\SoyLib\src\SoyFourcc.cpp">
      <Filter>SoyLib</Filter>
    </ClCompile>
    <ClCompile Include="..\Source\KinectAzure.cpp">
      <Filter>Source</Filter>
    </ClCompile>
    <ClCompile Include="..\Source\SoyLib\src\SoyRuntimeLibrary.cpp">
      <Filter>SoyLib</Filter>
    </ClCompile>
    <ClCompile Include="..\Source\SoyLib\src\SoyFilesystem.cpp">
      <Filter>SoyLib</Filter>
    </ClCompile>
    <ClCompile Include="..\Source\Json11\json11.cpp">
      <Filter>Source\json11</Filter>
    </ClCompile>
  </ItemGroup>
  <ItemGroup>
    <ClInclude Include="..\Source\SoyLib\src\Array.hpp">
      <Filter>SoyLib</Filter>
    </ClInclude>
    <ClInclude Include="..\Source\SoyLib\src\BufferArray.hpp">
      <Filter>SoyLib</Filter>
    </ClInclude>
    <ClInclude Include="..\Source\SoyLib\src\HeapArray.hpp">
      <Filter>SoyLib</Filter>
    </ClInclude>
    <ClInclude Include="..\Source\SoyLib\src\MemHeap.hpp">
      <Filter>SoyLib</Filter>
    </ClInclude>
    <ClInclude Include="..\Source\SoyLib\src\SoyDebug.h">
      <Filter>SoyLib</Filter>
    </ClInclude>
    <ClInclude Include="..\Source\SoyLib\src\SoyPixels.h">
      <Filter>SoyLib</Filter>
    </ClInclude>
    <ClInclude Include="..\Source\SoyLib\src\SoyString.h">
      <Filter>SoyLib</Filter>
    </ClInclude>
    <ClInclude Include="..\Source\SoyLib\src\SoyTypes.h">
      <Filter>SoyLib</Filter>
    </ClInclude>
    <ClInclude Include="..\Source\SoyLib\src\SoyTypes_Windows.h">
      <Filter>SoyLib</Filter>
    </ClInclude>
    <ClInclude Include="..\Source\SoyLib\src\SoyPng.h">
      <Filter>SoyLib</Filter>
    </ClInclude>
    <ClInclude Include="..\Source\SoyLib\src\SoyAssert.h">
      <Filter>SoyLib</Filter>
    </ClInclude>
    <ClInclude Include="..\Source\SoyLib\src\SoyArray.h">
      <Filter>SoyLib</Filter>
    </ClInclude>
    <ClInclude Include="..\Source\MfCapture.h">
      <Filter>Source</Filter>
    </ClInclude>
    <ClInclude Include="..\Source\MfDecoder.h">
      <Filter>Source</Filter>
    </ClInclude>
    <ClInclude Include="..\Source\SoyLib\src\SoyThread.h">
      <Filter>SoyLib</Filter>
    </ClInclude>
    <ClInclude Include="..\Source\SoyLib\src\SoyMedia.h">
      <Filter>SoyLib</Filter>
    </ClInclude>
    <ClInclude Include="..\Source\SoyLib\src\SoyMediaFormat.h">
      <Filter>SoyLib</Filter>
    </ClInclude>
    <ClInclude Include="..\Source\SoyLib\src\soymediafoundation.h">
      <Filter>SoyLib</Filter>
    </ClInclude>
    <ClInclude Include="..\Source\SoyLib\src\SoyMath.h">
      <Filter>SoyLib</Filter>
    </ClInclude>
    <ClInclude Include="..\Source\SoyLib\src\SoyJson.h">
      <Filter>SoyLib</Filter>
    </ClInclude>
    <ClInclude Include="..\Source\SoyLib\src\SoyWave.h">
      <Filter>SoyLib</Filter>
    </ClInclude>
    <ClInclude Include="..\Source\SoyLib\src\SoyH264.h">
      <Filter>SoyLib</Filter>
    </ClInclude>
    <ClInclude Include="..\Source\TCameraDevice.h">
      <Filter>Source</Filter>
    </ClInclude>
    <ClInclude Include="..\Source\TestDevice.h">
      <Filter>Source</Filter>
    </ClInclude>
    <ClInclude Include="..\Source\AvfCapture.h">
      <Filter>Source</Filter>
    </ClInclude>
    <ClInclude Include="..\Source\AvfVideoCapture.h">
      <Filter>Source</Filter>
    </ClInclude>
    <ClInclude Include="..\Source\Kinect.h">
      <Filter>Source</Filter>
    </ClInclude>
    <ClInclude Include="..\Source\Freenect2.h">
      <Filter>Source</Filter>
    </ClInclude>
    <ClInclude Include="..\Source\Kinect2.h">
      <Filter>Source</Filter>
    </ClInclude>
    <ClInclude Include="..\Source\SoyLib\src\SoyAutoReleasePtr.h">
      <Filter>SoyLib</Filter>
    </ClInclude>
    <ClInclude Include="..\Source\Freenect.h">
      <Filter>Source</Filter>
    </ClInclude>
    <ClInclude Include="..\Source\Libs\LibFreenect\libusb.h">
      <Filter>Libs\LibFreenect</Filter>
    </ClInclude>
    <ClInclude Include="..\Source\Libs\LibFreenect\LibFreenect\src\cameras.h">
      <Filter>Libs\LibFreenect</Filter>
    </ClInclude>
    <ClInclude Include="..\Source\Libs\LibFreenect\LibFreenect\src\flags.h">
      <Filter>Libs\LibFreenect</Filter>
    </ClInclude>
    <ClInclude Include="..\Source\Libs\LibFreenect\LibFreenect\src\freenect_internal.h">
      <Filter>Libs\LibFreenect</Filter>
    </ClInclude>
    <ClInclude Include="..\Source\Libs\LibFreenect\LibFreenect\src\loader.h">
      <Filter>Libs\LibFreenect</Filter>
    </ClInclude>
    <ClInclude Include="..\Source\Libs\LibFreenect\LibFreenect\src\registration.h">
      <Filter>Libs\LibFreenect</Filter>
    </ClInclude>
    <ClInclude Include="..\Source\Libs\LibFreenect\LibFreenect\src\usb_libusb10.h">
      <Filter>Libs\LibFreenect</Filter>
    </ClInclude>
    <ClInclude Include="..\Source\Libs\LibFreenect\LibFreenect\platform\windows\unistd.h">
      <Filter>Libs\LibFreenect</Filter>
    </ClInclude>
    <ClInclude Include="..\Source\SoyLib\src\SoyFourcc.h">
      <Filter>SoyLib</Filter>
    </ClInclude>
    <ClInclude Include="..\Source\KinectAzure.h">
      <Filter>Source</Filter>
    </ClInclude>
    <ClInclude Include="..\Source\SoyLib\src\SoyRuntimeLibrary.h">
      <Filter>SoyLib</Filter>
    </ClInclude>
    <ClInclude Include="..\Source\SoyLib\src\SoyFilesystem.h">
      <Filter>SoyLib</Filter>
    </ClInclude>
    <ClInclude Include="..\Source\Avf.h">
      <Filter>Source</Filter>
    </ClInclude>
    <ClInclude Include="..\Source\MagicEnum\include\magic_enum.hpp">
      <Filter>SoyLib</Filter>
    </ClInclude>
    <ClInclude Include="..\Source\SoyLib\src\string.hpp">
      <Filter>SoyLib</Filter>
    </ClInclude>
    <ClInclude Include="..\Source\Json11\json11.hpp">
      <Filter>Source\json11</Filter>
    </ClInclude>
  </ItemGroup>
  <ItemGroup>
    <None Include="..\Source\AvfCapture.mm">
      <Filter>Source</Filter>
    </None>
    <None Include="..\Source\AvfVideoCapture.mm">
      <Filter>Source</Filter>
    </None>
    <None Include="..\Source\Avf.mm">
      <Filter>Source</Filter>
    </None>
    <None Include="..\Source\Libs\LibFreenect\LibFreenect\src\fwfetcher.py">
      <Filter>Libs\LibFreenect</Filter>
    </None>
    <None Include="..\Source\Libs\LibFreenect\LibFreenect\src\libfreenect.pc.in">
      <Filter>Libs\LibFreenect</Filter>
    </None>
    <None Include="..\PopCameraDevice.Linux\Makefile">
      <Filter>PopCameraDevice.Linux</Filter>
    </None>
  </ItemGroup>
  <ItemGroup>
    <Library Include="..\Source\Libs\LibFreenect2\Build\lib\freenect2.lib">
      <Filter>Libs\LibFreenect2</Filter>
    </Library>
    <Library Include="..\Source\Libs\LibFreenect\libusb-1.0.lib">
      <Filter>Libs\LibFreenect</Filter>
    </Library>
  </ItemGroup>
  <ItemGroup>
    <Text Include="..\Source\Libs\LibFreenect\LibFreenect\src\CMakeLists.txt">
      <Filter>Libs\LibFreenect</Filter>
    </Text>
  </ItemGroup>
  <ItemGroup>
    <CopyFileToFolders Include="..\Source\Libs\KinectAzure\k4a.dll">
      <Filter>Libs\KinectAzure</Filter>
    </CopyFileToFolders>
    <CopyFileToFolders Include="..\Source\Libs\LibFreenect2\Build\bin\freenect2.dll">
      <Filter>Libs\LibFreenect2</Filter>
    </CopyFileToFolders>
    <CopyFileToFolders Include="..\Source\PopCameraDevice.h">
      <Filter>Source</Filter>
    </CopyFileToFolders>
    <CopyFileToFolders Include="..\Source\Libs\KinectAzure\depthengine_2_0.dll">
      <Filter>Libs\KinectAzure</Filter>
    </CopyFileToFolders>
    <CopyFileToFolders Include="..\Unity\PopCameraDevice\Assets\PopCameraDevice\PopCameraDevice.cs">
      <Filter>Unity</Filter>
    </CopyFileToFolders>
  </ItemGroup>
</Project>