// !$*UTF8*$!
{
	archiveVersion = 1;
	classes = {
	};
	objectVersion = 46;
	objects = {

/* Begin PBXBuildFile section */
		BF012AB82268DBF8003AEB55 /* TestDevice.cpp in Sources */ = {isa = PBXBuildFile; fileRef = BF012AAC2268DBF7003AEB55 /* TestDevice.cpp */; };
		BF012ABC2268DBF8003AEB55 /* PopCameraDevice.cpp in Sources */ = {isa = PBXBuildFile; fileRef = BF012AB42268DBF8003AEB55 /* PopCameraDevice.cpp */; };
		BF012ABD2268DBF8003AEB55 /* TCameraDevice.cpp in Sources */ = {isa = PBXBuildFile; fileRef = BF012AB52268DBF8003AEB55 /* TCameraDevice.cpp */; };
		BF012ACF2268DE24003AEB55 /* AvfCapture.h in Headers */ = {isa = PBXBuildFile; fileRef = BF012ACD2268DE24003AEB55 /* AvfCapture.h */; };
		BF012AD02268DE24003AEB55 /* AvfCapture.cpp in Sources */ = {isa = PBXBuildFile; fileRef = BF012ACE2268DE24003AEB55 /* AvfCapture.cpp */; };
		BF012AD12268DE24003AEB55 /* AvfCapture.cpp in Sources */ = {isa = PBXBuildFile; fileRef = BF012ACE2268DE24003AEB55 /* AvfCapture.cpp */; };
		BF012AD22269FAE2003AEB55 /* PopCameraDevice.cpp in Sources */ = {isa = PBXBuildFile; fileRef = BF012AB42268DBF8003AEB55 /* PopCameraDevice.cpp */; };
		BF012AD32269FAE2003AEB55 /* TCameraDevice.cpp in Sources */ = {isa = PBXBuildFile; fileRef = BF012AB52268DBF8003AEB55 /* TCameraDevice.cpp */; };
		BF012AD42269FAE2003AEB55 /* TestDevice.cpp in Sources */ = {isa = PBXBuildFile; fileRef = BF012AAC2268DBF7003AEB55 /* TestDevice.cpp */; };
		BF012ADA2269FC83003AEB55 /* SoyPixels.h in Headers */ = {isa = PBXBuildFile; fileRef = BF012AD62269FC83003AEB55 /* SoyPixels.h */; };
		BF012ADB2269FC83003AEB55 /* SoyAssert.h in Headers */ = {isa = PBXBuildFile; fileRef = BF012AD72269FC83003AEB55 /* SoyAssert.h */; };
		BF012ADC2269FC83003AEB55 /* SoyPixels.cpp in Sources */ = {isa = PBXBuildFile; fileRef = BF012AD82269FC83003AEB55 /* SoyPixels.cpp */; };
		BF012ADD2269FC83003AEB55 /* SoyPixels.cpp in Sources */ = {isa = PBXBuildFile; fileRef = BF012AD82269FC83003AEB55 /* SoyPixels.cpp */; };
		BF012ADE2269FC83003AEB55 /* SoyAssert.cpp in Sources */ = {isa = PBXBuildFile; fileRef = BF012AD92269FC83003AEB55 /* SoyAssert.cpp */; };
		BF012ADF2269FC83003AEB55 /* SoyAssert.cpp in Sources */ = {isa = PBXBuildFile; fileRef = BF012AD92269FC83003AEB55 /* SoyAssert.cpp */; };
		BF012AE32269FCA4003AEB55 /* SoyString.mm in Sources */ = {isa = PBXBuildFile; fileRef = BF012AE02269FCA4003AEB55 /* SoyString.mm */; };
		BF012AE42269FCA4003AEB55 /* SoyString.mm in Sources */ = {isa = PBXBuildFile; fileRef = BF012AE02269FCA4003AEB55 /* SoyString.mm */; };
		BF012AE52269FCA4003AEB55 /* SoyString.cpp in Sources */ = {isa = PBXBuildFile; fileRef = BF012AE12269FCA4003AEB55 /* SoyString.cpp */; };
		BF012AE62269FCA4003AEB55 /* SoyString.cpp in Sources */ = {isa = PBXBuildFile; fileRef = BF012AE12269FCA4003AEB55 /* SoyString.cpp */; };
		BF012AE72269FCA4003AEB55 /* SoyString.h in Headers */ = {isa = PBXBuildFile; fileRef = BF012AE22269FCA4003AEB55 /* SoyString.h */; };
		BF012AEA2269FCBF003AEB55 /* MemHeap.hpp in Headers */ = {isa = PBXBuildFile; fileRef = BF012AE82269FCBF003AEB55 /* MemHeap.hpp */; };
		BF012AEB2269FCBF003AEB55 /* memheap.cpp in Sources */ = {isa = PBXBuildFile; fileRef = BF012AE92269FCBF003AEB55 /* memheap.cpp */; };
		BF012AEC2269FCBF003AEB55 /* memheap.cpp in Sources */ = {isa = PBXBuildFile; fileRef = BF012AE92269FCBF003AEB55 /* memheap.cpp */; };
		BF012AF02269FE13003AEB55 /* SoyDebug.mm in Sources */ = {isa = PBXBuildFile; fileRef = BF012AED2269FE12003AEB55 /* SoyDebug.mm */; };
		BF012AF12269FE13003AEB55 /* SoyDebug.mm in Sources */ = {isa = PBXBuildFile; fileRef = BF012AED2269FE12003AEB55 /* SoyDebug.mm */; };
		BF012AF22269FE13003AEB55 /* SoyDebug.h in Headers */ = {isa = PBXBuildFile; fileRef = BF012AEE2269FE13003AEB55 /* SoyDebug.h */; };
		BF012AF32269FE13003AEB55 /* SoyDebug.cpp in Sources */ = {isa = PBXBuildFile; fileRef = BF012AEF2269FE13003AEB55 /* SoyDebug.cpp */; };
		BF012AF42269FE13003AEB55 /* SoyDebug.cpp in Sources */ = {isa = PBXBuildFile; fileRef = BF012AEF2269FE13003AEB55 /* SoyDebug.cpp */; };
		BF012AF82269FE3F003AEB55 /* SoyTypes.h in Headers */ = {isa = PBXBuildFile; fileRef = BF012AF52269FE3F003AEB55 /* SoyTypes.h */; };
		BF012AF92269FE3F003AEB55 /* SoyTypes.cpp in Sources */ = {isa = PBXBuildFile; fileRef = BF012AF62269FE3F003AEB55 /* SoyTypes.cpp */; };
		BF012AFA2269FE3F003AEB55 /* SoyTypes.cpp in Sources */ = {isa = PBXBuildFile; fileRef = BF012AF62269FE3F003AEB55 /* SoyTypes.cpp */; };
		BF012AFB2269FE3F003AEB55 /* SoyTypes_CoreFoundation.h in Headers */ = {isa = PBXBuildFile; fileRef = BF012AF72269FE3F003AEB55 /* SoyTypes_CoreFoundation.h */; };
		BF012AFE226A0108003AEB55 /* SoyTime.cpp in Sources */ = {isa = PBXBuildFile; fileRef = BF012AFC226A0108003AEB55 /* SoyTime.cpp */; };
		BF012AFF226A0108003AEB55 /* SoyTime.cpp in Sources */ = {isa = PBXBuildFile; fileRef = BF012AFC226A0108003AEB55 /* SoyTime.cpp */; };
		BF012B00226A0108003AEB55 /* SoyTime.h in Headers */ = {isa = PBXBuildFile; fileRef = BF012AFD226A0108003AEB55 /* SoyTime.h */; };
		BF012B03226A047F003AEB55 /* Avf.mm in Sources */ = {isa = PBXBuildFile; fileRef = BF012B02226A047F003AEB55 /* Avf.mm */; };
		BF012B04226A047F003AEB55 /* Avf.mm in Sources */ = {isa = PBXBuildFile; fileRef = BF012B02226A047F003AEB55 /* Avf.mm */; };
		BF012B07226A09EC003AEB55 /* AVFoundation.framework in Frameworks */ = {isa = PBXBuildFile; fileRef = BF012B06226A09EC003AEB55 /* AVFoundation.framework */; };
		BF012B0A226A0B05003AEB55 /* PopCameraDevice.h in Headers */ = {isa = PBXBuildFile; fileRef = BF012AB22268DBF8003AEB55 /* PopCameraDevice.h */; settings = {ATTRIBUTES = (Public, ); }; };
		BF012B0F226A141E003AEB55 /* TCameraDevice.h in Headers */ = {isa = PBXBuildFile; fileRef = BF012AAF2268DBF8003AEB55 /* TCameraDevice.h */; settings = {ATTRIBUTES = (Public, ); }; };
/* End PBXBuildFile section */

/* Begin PBXFileReference section */
		BF012AA92268DBF7003AEB55 /* FrameworkInfo.plist */ = {isa = PBXFileReference; fileEncoding = 4; lastKnownFileType = text.plist.xml; name = FrameworkInfo.plist; path = Source/FrameworkInfo.plist; sourceTree = "<group>"; };
		BF012AAA2268DBF7003AEB55 /* MfCapture.h */ = {isa = PBXFileReference; fileEncoding = 4; lastKnownFileType = sourcecode.c.h; name = MfCapture.h; path = Source/MfCapture.h; sourceTree = "<group>"; };
		BF012AAB2268DBF7003AEB55 /* MfDecoder.h */ = {isa = PBXFileReference; fileEncoding = 4; lastKnownFileType = sourcecode.c.h; name = MfDecoder.h; path = Source/MfDecoder.h; sourceTree = "<group>"; };
		BF012AAC2268DBF7003AEB55 /* TestDevice.cpp */ = {isa = PBXFileReference; fileEncoding = 4; lastKnownFileType = sourcecode.cpp.cpp; name = TestDevice.cpp; path = Source/TestDevice.cpp; sourceTree = "<group>"; };
		BF012AAD2268DBF7003AEB55 /* MfDecoder.cpp */ = {isa = PBXFileReference; fileEncoding = 4; lastKnownFileType = sourcecode.cpp.cpp; name = MfDecoder.cpp; path = Source/MfDecoder.cpp; sourceTree = "<group>"; };
		BF012AAE2268DBF8003AEB55 /* BundleInfo.plist */ = {isa = PBXFileReference; fileEncoding = 4; lastKnownFileType = text.plist.xml; name = BundleInfo.plist; path = Source/BundleInfo.plist; sourceTree = "<group>"; };
		BF012AAF2268DBF8003AEB55 /* TCameraDevice.h */ = {isa = PBXFileReference; fileEncoding = 4; lastKnownFileType = sourcecode.c.h; name = TCameraDevice.h; path = Source/TCameraDevice.h; sourceTree = "<group>"; };
		BF012AB02268DBF8003AEB55 /* MfCapture.cpp */ = {isa = PBXFileReference; fileEncoding = 4; lastKnownFileType = sourcecode.cpp.cpp; name = MfCapture.cpp; path = Source/MfCapture.cpp; sourceTree = "<group>"; };
		BF012AB12268DBF8003AEB55 /* TestDevice.h */ = {isa = PBXFileReference; fileEncoding = 4; lastKnownFileType = sourcecode.c.h; name = TestDevice.h; path = Source/TestDevice.h; sourceTree = "<group>"; };
		BF012AB22268DBF8003AEB55 /* PopCameraDevice.h */ = {isa = PBXFileReference; fileEncoding = 4; lastKnownFileType = sourcecode.c.h; name = PopCameraDevice.h; path = Source/PopCameraDevice.h; sourceTree = "<group>"; };
		BF012AB42268DBF8003AEB55 /* PopCameraDevice.cpp */ = {isa = PBXFileReference; fileEncoding = 4; lastKnownFileType = sourcecode.cpp.cpp; name = PopCameraDevice.cpp; path = Source/PopCameraDevice.cpp; sourceTree = "<group>"; };
		BF012AB52268DBF8003AEB55 /* TCameraDevice.cpp */ = {isa = PBXFileReference; fileEncoding = 4; lastKnownFileType = sourcecode.cpp.cpp; name = TCameraDevice.cpp; path = Source/TCameraDevice.cpp; sourceTree = "<group>"; };
		BF012AB62268DBF8003AEB55 /* PopCameraDeviceFramework.h */ = {isa = PBXFileReference; fileEncoding = 4; lastKnownFileType = sourcecode.c.h; name = PopCameraDeviceFramework.h; path = Source/PopCameraDeviceFramework.h; sourceTree = "<group>"; };
		BF012ABE2268DC5C003AEB55 /* PopCameraDevice.xcconfig */ = {isa = PBXFileReference; fileEncoding = 4; lastKnownFileType = text.xcconfig; name = PopCameraDevice.xcconfig; path = Source/PopCameraDevice.xcconfig; sourceTree = "<group>"; };
		BF012AC52268DC95003AEB55 /* PopCameraDeviceFramework.framework */ = {isa = PBXFileReference; explicitFileType = wrapper.framework; includeInIndex = 0; path = PopCameraDeviceFramework.framework; sourceTree = BUILT_PRODUCTS_DIR; };
		BF012ACD2268DE24003AEB55 /* AvfCapture.h */ = {isa = PBXFileReference; fileEncoding = 4; lastKnownFileType = sourcecode.c.h; name = AvfCapture.h; path = Source/AvfCapture.h; sourceTree = "<group>"; };
		BF012ACE2268DE24003AEB55 /* AvfCapture.cpp */ = {isa = PBXFileReference; fileEncoding = 4; lastKnownFileType = sourcecode.cpp.cpp; name = AvfCapture.cpp; path = Source/AvfCapture.cpp; sourceTree = "<group>"; };
		BF012AD62269FC83003AEB55 /* SoyPixels.h */ = {isa = PBXFileReference; fileEncoding = 4; lastKnownFileType = sourcecode.c.h; path = SoyPixels.h; sourceTree = "<group>"; };
		BF012AD72269FC83003AEB55 /* SoyAssert.h */ = {isa = PBXFileReference; fileEncoding = 4; lastKnownFileType = sourcecode.c.h; path = SoyAssert.h; sourceTree = "<group>"; };
		BF012AD82269FC83003AEB55 /* SoyPixels.cpp */ = {isa = PBXFileReference; fileEncoding = 4; lastKnownFileType = sourcecode.cpp.cpp; path = SoyPixels.cpp; sourceTree = "<group>"; };
		BF012AD92269FC83003AEB55 /* SoyAssert.cpp */ = {isa = PBXFileReference; fileEncoding = 4; lastKnownFileType = sourcecode.cpp.cpp; path = SoyAssert.cpp; sourceTree = "<group>"; };
		BF012AE02269FCA4003AEB55 /* SoyString.mm */ = {isa = PBXFileReference; fileEncoding = 4; lastKnownFileType = sourcecode.cpp.objcpp; path = SoyString.mm; sourceTree = "<group>"; };
		BF012AE12269FCA4003AEB55 /* SoyString.cpp */ = {isa = PBXFileReference; fileEncoding = 4; lastKnownFileType = sourcecode.cpp.cpp; path = SoyString.cpp; sourceTree = "<group>"; };
		BF012AE22269FCA4003AEB55 /* SoyString.h */ = {isa = PBXFileReference; fileEncoding = 4; lastKnownFileType = sourcecode.c.h; path = SoyString.h; sourceTree = "<group>"; };
		BF012AE82269FCBF003AEB55 /* MemHeap.hpp */ = {isa = PBXFileReference; fileEncoding = 4; lastKnownFileType = sourcecode.cpp.h; path = MemHeap.hpp; sourceTree = "<group>"; };
		BF012AE92269FCBF003AEB55 /* memheap.cpp */ = {isa = PBXFileReference; fileEncoding = 4; lastKnownFileType = sourcecode.cpp.cpp; path = memheap.cpp; sourceTree = "<group>"; };
		BF012AED2269FE12003AEB55 /* SoyDebug.mm */ = {isa = PBXFileReference; fileEncoding = 4; lastKnownFileType = sourcecode.cpp.objcpp; path = SoyDebug.mm; sourceTree = "<group>"; };
		BF012AEE2269FE13003AEB55 /* SoyDebug.h */ = {isa = PBXFileReference; fileEncoding = 4; lastKnownFileType = sourcecode.c.h; path = SoyDebug.h; sourceTree = "<group>"; };
		BF012AEF2269FE13003AEB55 /* SoyDebug.cpp */ = {isa = PBXFileReference; fileEncoding = 4; lastKnownFileType = sourcecode.cpp.cpp; path = SoyDebug.cpp; sourceTree = "<group>"; };
		BF012AF52269FE3F003AEB55 /* SoyTypes.h */ = {isa = PBXFileReference; fileEncoding = 4; lastKnownFileType = sourcecode.c.h; path = SoyTypes.h; sourceTree = "<group>"; };
		BF012AF62269FE3F003AEB55 /* SoyTypes.cpp */ = {isa = PBXFileReference; fileEncoding = 4; lastKnownFileType = sourcecode.cpp.cpp; path = SoyTypes.cpp; sourceTree = "<group>"; };
		BF012AF72269FE3F003AEB55 /* SoyTypes_CoreFoundation.h */ = {isa = PBXFileReference; fileEncoding = 4; lastKnownFileType = sourcecode.c.h; path = SoyTypes_CoreFoundation.h; sourceTree = "<group>"; };
		BF012AFC226A0108003AEB55 /* SoyTime.cpp */ = {isa = PBXFileReference; fileEncoding = 4; lastKnownFileType = sourcecode.cpp.cpp; path = SoyTime.cpp; sourceTree = "<group>"; };
		BF012AFD226A0108003AEB55 /* SoyTime.h */ = {isa = PBXFileReference; fileEncoding = 4; lastKnownFileType = sourcecode.c.h; path = SoyTime.h; sourceTree = "<group>"; };
		BF012B01226A03C5003AEB55 /* Avf.h */ = {isa = PBXFileReference; lastKnownFileType = sourcecode.c.h; name = Avf.h; path = Source/Avf.h; sourceTree = "<group>"; };
		BF012B02226A047F003AEB55 /* Avf.mm */ = {isa = PBXFileReference; fileEncoding = 4; lastKnownFileType = sourcecode.cpp.objcpp; name = Avf.mm; path = Source/Avf.mm; sourceTree = "<group>"; };
		BF012B06226A09EC003AEB55 /* AVFoundation.framework */ = {isa = PBXFileReference; lastKnownFileType = wrapper.framework; name = AVFoundation.framework; path = System/Library/Frameworks/AVFoundation.framework; sourceTree = SDKROOT; };
		BF0A19C21EA428F4007EBC95 /* Unity */ = {isa = PBXFileReference; lastKnownFileType = folder; path = Unity; sourceTree = "<group>"; };
		BF4A6A141EA16D7D00613A64 /* PopCameraDevice.bundle */ = {isa = PBXFileReference; explicitFileType = wrapper.cfbundle; includeInIndex = 0; path = PopCameraDevice.bundle; sourceTree = BUILT_PRODUCTS_DIR; };
		BFD607741EA16F0A0035C814 /* IUnityGraphics.h */ = {isa = PBXFileReference; fileEncoding = 4; lastKnownFileType = sourcecode.c.h; name = IUnityGraphics.h; path = Source/Unity/IUnityGraphics.h; sourceTree = "<group>"; };
		BFD607751EA16F0A0035C814 /* IUnityGraphicsD3D9.h */ = {isa = PBXFileReference; fileEncoding = 4; lastKnownFileType = sourcecode.c.h; name = IUnityGraphicsD3D9.h; path = Source/Unity/IUnityGraphicsD3D9.h; sourceTree = "<group>"; };
		BFD607761EA16F0A0035C814 /* IUnityGraphicsD3D11.h */ = {isa = PBXFileReference; fileEncoding = 4; lastKnownFileType = sourcecode.c.h; name = IUnityGraphicsD3D11.h; path = Source/Unity/IUnityGraphicsD3D11.h; sourceTree = "<group>"; };
		BFD607771EA16F0A0035C814 /* IUnityGraphicsD3D12.h */ = {isa = PBXFileReference; fileEncoding = 4; lastKnownFileType = sourcecode.c.h; name = IUnityGraphicsD3D12.h; path = Source/Unity/IUnityGraphicsD3D12.h; sourceTree = "<group>"; };
		BFD607781EA16F0A0035C814 /* IUnityGraphicsMetal.h */ = {isa = PBXFileReference; fileEncoding = 4; lastKnownFileType = sourcecode.c.h; name = IUnityGraphicsMetal.h; path = Source/Unity/IUnityGraphicsMetal.h; sourceTree = "<group>"; };
		BFD607791EA16F0A0035C814 /* IUnityInterface.h */ = {isa = PBXFileReference; fileEncoding = 4; lastKnownFileType = sourcecode.c.h; name = IUnityInterface.h; path = Source/Unity/IUnityInterface.h; sourceTree = "<group>"; };
/* End PBXFileReference section */

/* Begin PBXFrameworksBuildPhase section */
		BF012AC22268DC95003AEB55 /* Frameworks */ = {
			isa = PBXFrameworksBuildPhase;
			buildActionMask = 2147483647;
			files = (
				BF012B07226A09EC003AEB55 /* AVFoundation.framework in Frameworks */,
			);
			runOnlyForDeploymentPostprocessing = 0;
		};
		BF4A6A111EA16D7C00613A64 /* Frameworks */ = {
			isa = PBXFrameworksBuildPhase;
			buildActionMask = 2147483647;
			files = (
			);
			runOnlyForDeploymentPostprocessing = 0;
		};
/* End PBXFrameworksBuildPhase section */

/* Begin PBXGroup section */
		BF012AD52269FC5C003AEB55 /* SoyLib */ = {
			isa = PBXGroup;
			children = (
				BF012AE92269FCBF003AEB55 /* memheap.cpp */,
				BF012AE82269FCBF003AEB55 /* MemHeap.hpp */,
				BF012AD92269FC83003AEB55 /* SoyAssert.cpp */,
				BF012AD72269FC83003AEB55 /* SoyAssert.h */,
				BF012AEF2269FE13003AEB55 /* SoyDebug.cpp */,
				BF012AEE2269FE13003AEB55 /* SoyDebug.h */,
				BF012AED2269FE12003AEB55 /* SoyDebug.mm */,
				BF012AD82269FC83003AEB55 /* SoyPixels.cpp */,
				BF012AD62269FC83003AEB55 /* SoyPixels.h */,
				BF012AE12269FCA4003AEB55 /* SoyString.cpp */,
				BF012AE22269FCA4003AEB55 /* SoyString.h */,
				BF012AE02269FCA4003AEB55 /* SoyString.mm */,
				BF012AFC226A0108003AEB55 /* SoyTime.cpp */,
				BF012AFD226A0108003AEB55 /* SoyTime.h */,
				BF012AF72269FE3F003AEB55 /* SoyTypes_CoreFoundation.h */,
				BF012AF62269FE3F003AEB55 /* SoyTypes.cpp */,
				BF012AF52269FE3F003AEB55 /* SoyTypes.h */,
			);
			name = SoyLib;
			path = Source/SoyLib/src;
			sourceTree = "<group>";
		};
		BF012B05226A09EC003AEB55 /* Frameworks */ = {
			isa = PBXGroup;
			children = (
				BF012B06226A09EC003AEB55 /* AVFoundation.framework */,
			);
			name = Frameworks;
			sourceTree = "<group>";
		};
		BF4A6A0B1EA16D7C00613A64 = {
			isa = PBXGroup;
			children = (
				BF0A19C21EA428F4007EBC95 /* Unity */,
				BFD6076D1EA16ED20035C814 /* Source */,
				BF4A6A151EA16D7D00613A64 /* Products */,
				BF012B05226A09EC003AEB55 /* Frameworks */,
			);
			sourceTree = "<group>";
		};
		BF4A6A151EA16D7D00613A64 /* Products */ = {
			isa = PBXGroup;
			children = (
				BF4A6A141EA16D7D00613A64 /* PopCameraDevice.bundle */,
				BF012AC52268DC95003AEB55 /* PopCameraDeviceFramework.framework */,
			);
			name = Products;
			sourceTree = "<group>";
		};
		BFD6076D1EA16ED20035C814 /* Source */ = {
			isa = PBXGroup;
			children = (
				BF012AD52269FC5C003AEB55 /* SoyLib */,
				BF012ACE2268DE24003AEB55 /* AvfCapture.cpp */,
				BF012B01226A03C5003AEB55 /* Avf.h */,
				BF012B02226A047F003AEB55 /* Avf.mm */,
				BF012ACD2268DE24003AEB55 /* AvfCapture.h */,
				BF012AAE2268DBF8003AEB55 /* BundleInfo.plist */,
				BF012AA92268DBF7003AEB55 /* FrameworkInfo.plist */,
				BF012AB02268DBF8003AEB55 /* MfCapture.cpp */,
				BF012AAA2268DBF7003AEB55 /* MfCapture.h */,
				BF012AAD2268DBF7003AEB55 /* MfDecoder.cpp */,
				BF012AAB2268DBF7003AEB55 /* MfDecoder.h */,
				BF012AB42268DBF8003AEB55 /* PopCameraDevice.cpp */,
				BF012AB22268DBF8003AEB55 /* PopCameraDevice.h */,
				BF012ABE2268DC5C003AEB55 /* PopCameraDevice.xcconfig */,
				BF012AB62268DBF8003AEB55 /* PopCameraDeviceFramework.h */,
				BF012AB52268DBF8003AEB55 /* TCameraDevice.cpp */,
				BF012AAF2268DBF8003AEB55 /* TCameraDevice.h */,
				BF012AAC2268DBF7003AEB55 /* TestDevice.cpp */,
				BF012AB12268DBF8003AEB55 /* TestDevice.h */,
				BFD607731EA16EFC0035C814 /* Unity */,
			);
			name = Source;
			sourceTree = SOURCE_ROOT;
		};
		BFD607731EA16EFC0035C814 /* Unity */ = {
			isa = PBXGroup;
			children = (
				BFD607741EA16F0A0035C814 /* IUnityGraphics.h */,
				BFD607751EA16F0A0035C814 /* IUnityGraphicsD3D9.h */,
				BFD607761EA16F0A0035C814 /* IUnityGraphicsD3D11.h */,
				BFD607771EA16F0A0035C814 /* IUnityGraphicsD3D12.h */,
				BFD607781EA16F0A0035C814 /* IUnityGraphicsMetal.h */,
				BFD607791EA16F0A0035C814 /* IUnityInterface.h */,
			);
			name = Unity;
			sourceTree = "<group>";
		};
/* End PBXGroup section */

/* Begin PBXHeadersBuildPhase section */
		BF012AC02268DC95003AEB55 /* Headers */ = {
			isa = PBXHeadersBuildPhase;
			buildActionMask = 2147483647;
			files = (
				BF012AF22269FE13003AEB55 /* SoyDebug.h in Headers */,
				BF012AEA2269FCBF003AEB55 /* MemHeap.hpp in Headers */,
				BF012ACF2268DE24003AEB55 /* AvfCapture.h in Headers */,
				BF012ADA2269FC83003AEB55 /* SoyPixels.h in Headers */,
				BF012ADB2269FC83003AEB55 /* SoyAssert.h in Headers */,
				BF012AE72269FCA4003AEB55 /* SoyString.h in Headers */,
				BF012AFB2269FE3F003AEB55 /* SoyTypes_CoreFoundation.h in Headers */,
				BF012B0A226A0B05003AEB55 /* PopCameraDevice.h in Headers */,
				BF012AF82269FE3F003AEB55 /* SoyTypes.h in Headers */,
				BF012B00226A0108003AEB55 /* SoyTime.h in Headers */,
				BF012B0F226A141E003AEB55 /* TCameraDevice.h in Headers */,
			);
			runOnlyForDeploymentPostprocessing = 0;
		};
/* End PBXHeadersBuildPhase section */

/* Begin PBXNativeTarget section */
		BF012AC42268DC95003AEB55 /* PopCameraDeviceFramework */ = {
			isa = PBXNativeTarget;
			buildConfigurationList = BF012ACC2268DC95003AEB55 /* Build configuration list for PBXNativeTarget "PopCameraDeviceFramework" */;
			buildPhases = (
				BF012AC02268DC95003AEB55 /* Headers */,
				BF012AC12268DC95003AEB55 /* Sources */,
				BF012AC22268DC95003AEB55 /* Frameworks */,
				BF012AC32268DC95003AEB55 /* Resources */,
			);
			buildRules = (
			);
			dependencies = (
			);
			name = PopCameraDeviceFramework;
			productName = PopCameraDeviceFramework;
			productReference = BF012AC52268DC95003AEB55 /* PopCameraDeviceFramework.framework */;
			productType = "com.apple.product-type.framework";
		};
		BF4A6A131EA16D7C00613A64 /* PopCameraDevice */ = {
			isa = PBXNativeTarget;
			buildConfigurationList = BF4A6A1A1EA16D7D00613A64 /* Build configuration list for PBXNativeTarget "PopCameraDevice" */;
			buildPhases = (
				BF4A6A101EA16D7C00613A64 /* Sources */,
				BF4A6A111EA16D7C00613A64 /* Frameworks */,
				BF4A6A121EA16D7C00613A64 /* Resources */,
			);
			buildRules = (
			);
			dependencies = (
			);
			name = PopCameraDevice;
			productName = PopEncodeJpeg;
			productReference = BF4A6A141EA16D7D00613A64 /* PopCameraDevice.bundle */;
			productType = "com.apple.product-type.bundle";
		};
/* End PBXNativeTarget section */

/* Begin PBXProject section */
		BF4A6A0C1EA16D7C00613A64 /* Project object */ = {
			isa = PBXProject;
			attributes = {
				LastUpgradeCheck = 0810;
				ORGANIZATIONNAME = NewChromantics;
				TargetAttributes = {
					BF012AC42268DC95003AEB55 = {
						CreatedOnToolsVersion = 10.1;
						ProvisioningStyle = Automatic;
					};
					BF4A6A131EA16D7C00613A64 = {
						CreatedOnToolsVersion = 8.1;
						ProvisioningStyle = Automatic;
					};
				};
			};
			buildConfigurationList = BF4A6A0F1EA16D7C00613A64 /* Build configuration list for PBXProject "PopCameraDevice" */;
			compatibilityVersion = "Xcode 3.2";
			developmentRegion = English;
			hasScannedForEncodings = 0;
			knownRegions = (
				en,
			);
			mainGroup = BF4A6A0B1EA16D7C00613A64;
			productRefGroup = BF4A6A151EA16D7D00613A64 /* Products */;
			projectDirPath = "";
			projectRoot = "";
			targets = (
				BF4A6A131EA16D7C00613A64 /* PopCameraDevice */,
				BF012AC42268DC95003AEB55 /* PopCameraDeviceFramework */,
			);
		};
/* End PBXProject section */

/* Begin PBXResourcesBuildPhase section */
		BF012AC32268DC95003AEB55 /* Resources */ = {
			isa = PBXResourcesBuildPhase;
			buildActionMask = 2147483647;
			files = (
			);
			runOnlyForDeploymentPostprocessing = 0;
		};
		BF4A6A121EA16D7C00613A64 /* Resources */ = {
			isa = PBXResourcesBuildPhase;
			buildActionMask = 2147483647;
			files = (
			);
			runOnlyForDeploymentPostprocessing = 0;
		};
/* End PBXResourcesBuildPhase section */

/* Begin PBXSourcesBuildPhase section */
		BF012AC12268DC95003AEB55 /* Sources */ = {
			isa = PBXSourcesBuildPhase;
			buildActionMask = 2147483647;
			files = (
				BF012AF42269FE13003AEB55 /* SoyDebug.cpp in Sources */,
				BF012AE62269FCA4003AEB55 /* SoyString.cpp in Sources */,
				BF012AD22269FAE2003AEB55 /* PopCameraDevice.cpp in Sources */,
				BF012ADF2269FC83003AEB55 /* SoyAssert.cpp in Sources */,
				BF012ADD2269FC83003AEB55 /* SoyPixels.cpp in Sources */,
				BF012B04226A047F003AEB55 /* Avf.mm in Sources */,
				BF012AFA2269FE3F003AEB55 /* SoyTypes.cpp in Sources */,
				BF012AFF226A0108003AEB55 /* SoyTime.cpp in Sources */,
				BF012AD32269FAE2003AEB55 /* TCameraDevice.cpp in Sources */,
				BF012AD12268DE24003AEB55 /* AvfCapture.cpp in Sources */,
				BF012AD42269FAE2003AEB55 /* TestDevice.cpp in Sources */,
				BF012AF12269FE13003AEB55 /* SoyDebug.mm in Sources */,
				BF012AE42269FCA4003AEB55 /* SoyString.mm in Sources */,
				BF012AEC2269FCBF003AEB55 /* memheap.cpp in Sources */,
			);
			runOnlyForDeploymentPostprocessing = 0;
		};
		BF4A6A101EA16D7C00613A64 /* Sources */ = {
			isa = PBXSourcesBuildPhase;
			buildActionMask = 2147483647;
			files = (
				BF012AF32269FE13003AEB55 /* SoyDebug.cpp in Sources */,
				BF012AE52269FCA4003AEB55 /* SoyString.cpp in Sources */,
				BF012AD02268DE24003AEB55 /* AvfCapture.cpp in Sources */,
				BF012ADE2269FC83003AEB55 /* SoyAssert.cpp in Sources */,
				BF012ADC2269FC83003AEB55 /* SoyPixels.cpp in Sources */,
				BF012B03226A047F003AEB55 /* Avf.mm in Sources */,
				BF012AF92269FE3F003AEB55 /* SoyTypes.cpp in Sources */,
				BF012AFE226A0108003AEB55 /* SoyTime.cpp in Sources */,
				BF012ABC2268DBF8003AEB55 /* PopCameraDevice.cpp in Sources */,
				BF012AB82268DBF8003AEB55 /* TestDevice.cpp in Sources */,
				BF012ABD2268DBF8003AEB55 /* TCameraDevice.cpp in Sources */,
				BF012AF02269FE13003AEB55 /* SoyDebug.mm in Sources */,
				BF012AE32269FCA4003AEB55 /* SoyString.mm in Sources */,
				BF012AEB2269FCBF003AEB55 /* memheap.cpp in Sources */,
			);
			runOnlyForDeploymentPostprocessing = 0;
		};
/* End PBXSourcesBuildPhase section */

/* Begin XCBuildConfiguration section */
		BF012ACA2268DC95003AEB55 /* Debug */ = {
			isa = XCBuildConfiguration;
			buildSettings = {
				CLANG_ANALYZER_NUMBER_OBJECT_CONVERSION = YES_AGGRESSIVE;
				CLANG_CXX_LANGUAGE_STANDARD = "gnu++14";
				CLANG_ENABLE_OBJC_WEAK = YES;
				CLANG_WARN_BLOCK_CAPTURE_AUTORELEASING = YES;
				CLANG_WARN_COMMA = YES;
				CLANG_WARN_DEPRECATED_OBJC_IMPLEMENTATIONS = YES;
				CLANG_WARN_NON_LITERAL_NULL_CONVERSION = YES;
				CLANG_WARN_OBJC_IMPLICIT_RETAIN_SELF = YES;
				CLANG_WARN_OBJC_LITERAL_CONVERSION = YES;
				CLANG_WARN_RANGE_LOOP_ANALYSIS = YES;
				CLANG_WARN_STRICT_PROTOTYPES = YES;
				CLANG_WARN_SUSPICIOUS_MOVE = YES;
				CLANG_WARN_UNGUARDED_AVAILABILITY = YES_AGGRESSIVE;
				CODE_SIGN_IDENTITY = "";
				CODE_SIGN_STYLE = Automatic;
				COMBINE_HIDPI_IMAGES = YES;
				CURRENT_PROJECT_VERSION = 1;
				DEFINES_MODULE = YES;
				DYLIB_COMPATIBILITY_VERSION = 1;
				DYLIB_CURRENT_VERSION = 1;
				DYLIB_INSTALL_NAME_BASE = "@rpath";
				FRAMEWORK_VERSION = A;
				GCC_C_LANGUAGE_STANDARD = gnu11;
				INFOPLIST_FILE = "$(SRCROOT)/Source/FrameworkInfo.plist";
				INSTALL_PATH = "$(LOCAL_LIBRARY_DIR)/Frameworks";
				LD_RUNPATH_SEARCH_PATHS = "$(inherited) @executable_path/../Frameworks @loader_path/Frameworks";
				MTL_ENABLE_DEBUG_INFO = INCLUDE_SOURCE;
				MTL_FAST_MATH = YES;
				PRODUCT_BUNDLE_IDENTIFIER = com.NewChromantics.PopCameraDevice;
				PRODUCT_NAME = "$(TARGET_NAME:c99extidentifier)";
				SKIP_INSTALL = YES;
				VERSIONING_SYSTEM = "apple-generic";
				VERSION_INFO_PREFIX = "";
			};
			name = Debug;
		};
		BF012ACB2268DC95003AEB55 /* Release */ = {
			isa = XCBuildConfiguration;
			buildSettings = {
				CLANG_ANALYZER_NUMBER_OBJECT_CONVERSION = YES_AGGRESSIVE;
				CLANG_CXX_LANGUAGE_STANDARD = "gnu++14";
				CLANG_ENABLE_OBJC_WEAK = YES;
				CLANG_WARN_BLOCK_CAPTURE_AUTORELEASING = YES;
				CLANG_WARN_COMMA = YES;
				CLANG_WARN_DEPRECATED_OBJC_IMPLEMENTATIONS = YES;
				CLANG_WARN_NON_LITERAL_NULL_CONVERSION = YES;
				CLANG_WARN_OBJC_IMPLICIT_RETAIN_SELF = YES;
				CLANG_WARN_OBJC_LITERAL_CONVERSION = YES;
				CLANG_WARN_RANGE_LOOP_ANALYSIS = YES;
				CLANG_WARN_STRICT_PROTOTYPES = YES;
				CLANG_WARN_SUSPICIOUS_MOVE = YES;
				CLANG_WARN_UNGUARDED_AVAILABILITY = YES_AGGRESSIVE;
				CODE_SIGN_IDENTITY = "";
				CODE_SIGN_STYLE = Automatic;
				COMBINE_HIDPI_IMAGES = YES;
				CURRENT_PROJECT_VERSION = 1;
				DEFINES_MODULE = YES;
				DYLIB_COMPATIBILITY_VERSION = 1;
				DYLIB_CURRENT_VERSION = 1;
				DYLIB_INSTALL_NAME_BASE = "@rpath";
				FRAMEWORK_VERSION = A;
				GCC_C_LANGUAGE_STANDARD = gnu11;
				INFOPLIST_FILE = "$(SRCROOT)/Source/FrameworkInfo.plist";
				INSTALL_PATH = "$(LOCAL_LIBRARY_DIR)/Frameworks";
				LD_RUNPATH_SEARCH_PATHS = "$(inherited) @executable_path/../Frameworks @loader_path/Frameworks";
				MTL_FAST_MATH = YES;
				PRODUCT_BUNDLE_IDENTIFIER = com.NewChromantics.PopCameraDevice;
				PRODUCT_NAME = "$(TARGET_NAME:c99extidentifier)";
				SKIP_INSTALL = YES;
				VERSIONING_SYSTEM = "apple-generic";
				VERSION_INFO_PREFIX = "";
			};
			name = Release;
		};
		BF4A6A181EA16D7D00613A64 /* Debug */ = {
			isa = XCBuildConfiguration;
			baseConfigurationReference = BF012ABE2268DC5C003AEB55 /* PopCameraDevice.xcconfig */;
			buildSettings = {
				ALWAYS_SEARCH_USER_PATHS = NO;
				CLANG_ANALYZER_NONNULL = YES;
				CLANG_CXX_LANGUAGE_STANDARD = "gnu++0x";
				CLANG_CXX_LIBRARY = "libc++";
				CLANG_ENABLE_MODULES = YES;
				CLANG_ENABLE_OBJC_ARC = YES;
				CLANG_WARN_BOOL_CONVERSION = YES;
				CLANG_WARN_CONSTANT_CONVERSION = YES;
				CLANG_WARN_DIRECT_OBJC_ISA_USAGE = YES_ERROR;
				CLANG_WARN_DOCUMENTATION_COMMENTS = YES;
				CLANG_WARN_EMPTY_BODY = YES;
				CLANG_WARN_ENUM_CONVERSION = YES;
				CLANG_WARN_INFINITE_RECURSION = YES;
				CLANG_WARN_INT_CONVERSION = YES;
				CLANG_WARN_OBJC_ROOT_CLASS = YES_ERROR;
				CLANG_WARN_SUSPICIOUS_MOVES = YES;
				CLANG_WARN_UNREACHABLE_CODE = YES;
				CLANG_WARN__DUPLICATE_METHOD_MATCH = YES;
				CODE_SIGN_IDENTITY = "-";
				COPY_PHASE_STRIP = NO;
				DEBUG_INFORMATION_FORMAT = dwarf;
				ENABLE_STRICT_OBJC_MSGSEND = YES;
				ENABLE_TESTABILITY = YES;
				GCC_C_LANGUAGE_STANDARD = gnu99;
				GCC_DYNAMIC_NO_PIC = NO;
				GCC_NO_COMMON_BLOCKS = YES;
				GCC_OPTIMIZATION_LEVEL = 0;
				GCC_PREPROCESSOR_DEFINITIONS = (
					"DEBUG=1",
					"$(inherited)",
				);
				GCC_WARN_64_TO_32_BIT_CONVERSION = YES;
				GCC_WARN_ABOUT_RETURN_TYPE = YES_ERROR;
				GCC_WARN_UNDECLARED_SELECTOR = YES;
				GCC_WARN_UNINITIALIZED_AUTOS = YES_AGGRESSIVE;
				GCC_WARN_UNUSED_FUNCTION = YES;
				GCC_WARN_UNUSED_VARIABLE = YES;
				MACOSX_DEPLOYMENT_TARGET = 10.12;
				MTL_ENABLE_DEBUG_INFO = YES;
				ONLY_ACTIVE_ARCH = YES;
				SDKROOT = macosx;
			};
			name = Debug;
		};
		BF4A6A191EA16D7D00613A64 /* Release */ = {
			isa = XCBuildConfiguration;
			baseConfigurationReference = BF012ABE2268DC5C003AEB55 /* PopCameraDevice.xcconfig */;
			buildSettings = {
				ALWAYS_SEARCH_USER_PATHS = NO;
				CLANG_ANALYZER_NONNULL = YES;
				CLANG_CXX_LANGUAGE_STANDARD = "gnu++0x";
				CLANG_CXX_LIBRARY = "libc++";
				CLANG_ENABLE_MODULES = YES;
				CLANG_ENABLE_OBJC_ARC = YES;
				CLANG_WARN_BOOL_CONVERSION = YES;
				CLANG_WARN_CONSTANT_CONVERSION = YES;
				CLANG_WARN_DIRECT_OBJC_ISA_USAGE = YES_ERROR;
				CLANG_WARN_DOCUMENTATION_COMMENTS = YES;
				CLANG_WARN_EMPTY_BODY = YES;
				CLANG_WARN_ENUM_CONVERSION = YES;
				CLANG_WARN_INFINITE_RECURSION = YES;
				CLANG_WARN_INT_CONVERSION = YES;
				CLANG_WARN_OBJC_ROOT_CLASS = YES_ERROR;
				CLANG_WARN_SUSPICIOUS_MOVES = YES;
				CLANG_WARN_UNREACHABLE_CODE = YES;
				CLANG_WARN__DUPLICATE_METHOD_MATCH = YES;
				CODE_SIGN_IDENTITY = "-";
				COPY_PHASE_STRIP = NO;
				DEBUG_INFORMATION_FORMAT = "dwarf-with-dsym";
				ENABLE_NS_ASSERTIONS = NO;
				ENABLE_STRICT_OBJC_MSGSEND = YES;
				GCC_C_LANGUAGE_STANDARD = gnu99;
				GCC_NO_COMMON_BLOCKS = YES;
				GCC_WARN_64_TO_32_BIT_CONVERSION = YES;
				GCC_WARN_ABOUT_RETURN_TYPE = YES_ERROR;
				GCC_WARN_UNDECLARED_SELECTOR = YES;
				GCC_WARN_UNINITIALIZED_AUTOS = YES_AGGRESSIVE;
				GCC_WARN_UNUSED_FUNCTION = YES;
				GCC_WARN_UNUSED_VARIABLE = YES;
				MACOSX_DEPLOYMENT_TARGET = 10.12;
				MTL_ENABLE_DEBUG_INFO = NO;
				SDKROOT = macosx;
			};
			name = Release;
		};
		BF4A6A1B1EA16D7D00613A64 /* Debug */ = {
			isa = XCBuildConfiguration;
			buildSettings = {
				COMBINE_HIDPI_IMAGES = YES;
				INFOPLIST_FILE = "$(SRCROOT)/Source/BundleInfo.plist";
				INSTALL_PATH = "$(LOCAL_LIBRARY_DIR)/Bundles";
				PRODUCT_BUNDLE_IDENTIFIER = com.NewChromantics.PopCameraDevice;
				PRODUCT_NAME = "$(TARGET_NAME)";
				SKIP_INSTALL = YES;
				WRAPPER_EXTENSION = bundle;
			};
			name = Debug;
		};
		BF4A6A1C1EA16D7D00613A64 /* Release */ = {
			isa = XCBuildConfiguration;
			buildSettings = {
				COMBINE_HIDPI_IMAGES = YES;
				INFOPLIST_FILE = "$(SRCROOT)/Source/BundleInfo.plist";
				INSTALL_PATH = "$(LOCAL_LIBRARY_DIR)/Bundles";
				PRODUCT_BUNDLE_IDENTIFIER = com.NewChromantics.PopCameraDevice;
				PRODUCT_NAME = "$(TARGET_NAME)";
				SKIP_INSTALL = YES;
				WRAPPER_EXTENSION = bundle;
			};
			name = Release;
		};
/* End XCBuildConfiguration section */

/* Begin XCConfigurationList section */
		BF012ACC2268DC95003AEB55 /* Build configuration list for PBXNativeTarget "PopCameraDeviceFramework" */ = {
			isa = XCConfigurationList;
			buildConfigurations = (
				BF012ACA2268DC95003AEB55 /* Debug */,
				BF012ACB2268DC95003AEB55 /* Release */,
			);
			defaultConfigurationIsVisible = 0;
			defaultConfigurationName = Release;
		};
		BF4A6A0F1EA16D7C00613A64 /* Build configuration list for PBXProject "PopCameraDevice" */ = {
			isa = XCConfigurationList;
			buildConfigurations = (
				BF4A6A181EA16D7D00613A64 /* Debug */,
				BF4A6A191EA16D7D00613A64 /* Release */,
			);
			defaultConfigurationIsVisible = 0;
			defaultConfigurationName = Release;
		};
		BF4A6A1A1EA16D7D00613A64 /* Build configuration list for PBXNativeTarget "PopCameraDevice" */ = {
			isa = XCConfigurationList;
			buildConfigurations = (
				BF4A6A1B1EA16D7D00613A64 /* Debug */,
				BF4A6A1C1EA16D7D00613A64 /* Release */,
			);
			defaultConfigurationIsVisible = 0;
			defaultConfigurationName = Release;
		};
/* End XCConfigurationList section */
	};
	rootObject = BF4A6A0C1EA16D7C00613A64 /* Project object */;
}
