// !$*UTF8*$!
{
	archiveVersion = 1;
	classes = {
	};
	objectVersion = 46;
	objects = {

/* Begin PBXBuildFile section */
		BF012ACF2268DE24003AEB55 /* AvfCapture.h in Headers */ = {isa = PBXBuildFile; fileRef = BF012ACD2268DE24003AEB55 /* AvfCapture.h */; };
		BF012AD12268DE24003AEB55 /* AvfCapture.mm in Sources */ = {isa = PBXBuildFile; fileRef = BF012ACE2268DE24003AEB55 /* AvfCapture.mm */; };
		BF012AD22269FAE2003AEB55 /* PopCameraDevice.cpp in Sources */ = {isa = PBXBuildFile; fileRef = BF012AB42268DBF8003AEB55 /* PopCameraDevice.cpp */; };
		BF012AD32269FAE2003AEB55 /* TCameraDevice.cpp in Sources */ = {isa = PBXBuildFile; fileRef = BF012AB52268DBF8003AEB55 /* TCameraDevice.cpp */; };
		BF012AD42269FAE2003AEB55 /* TestDevice.cpp in Sources */ = {isa = PBXBuildFile; fileRef = BF012AAC2268DBF7003AEB55 /* TestDevice.cpp */; };
		BF012ADA2269FC83003AEB55 /* SoyPixels.h in Headers */ = {isa = PBXBuildFile; fileRef = BF012AD62269FC83003AEB55 /* SoyPixels.h */; };
		BF012ADB2269FC83003AEB55 /* SoyAssert.h in Headers */ = {isa = PBXBuildFile; fileRef = BF012AD72269FC83003AEB55 /* SoyAssert.h */; };
		BF012ADD2269FC83003AEB55 /* SoyPixels.cpp in Sources */ = {isa = PBXBuildFile; fileRef = BF012AD82269FC83003AEB55 /* SoyPixels.cpp */; };
		BF012ADF2269FC83003AEB55 /* SoyAssert.cpp in Sources */ = {isa = PBXBuildFile; fileRef = BF012AD92269FC83003AEB55 /* SoyAssert.cpp */; };
		BF012AE42269FCA4003AEB55 /* SoyString.mm in Sources */ = {isa = PBXBuildFile; fileRef = BF012AE02269FCA4003AEB55 /* SoyString.mm */; };
		BF012AE62269FCA4003AEB55 /* SoyString.cpp in Sources */ = {isa = PBXBuildFile; fileRef = BF012AE12269FCA4003AEB55 /* SoyString.cpp */; };
		BF012AE72269FCA4003AEB55 /* SoyString.h in Headers */ = {isa = PBXBuildFile; fileRef = BF012AE22269FCA4003AEB55 /* SoyString.h */; };
		BF012AEA2269FCBF003AEB55 /* MemHeap.hpp in Headers */ = {isa = PBXBuildFile; fileRef = BF012AE82269FCBF003AEB55 /* MemHeap.hpp */; };
		BF012AEC2269FCBF003AEB55 /* memheap.cpp in Sources */ = {isa = PBXBuildFile; fileRef = BF012AE92269FCBF003AEB55 /* memheap.cpp */; };
		BF012AF12269FE13003AEB55 /* SoyDebug.mm in Sources */ = {isa = PBXBuildFile; fileRef = BF012AED2269FE12003AEB55 /* SoyDebug.mm */; };
		BF012AF22269FE13003AEB55 /* SoyDebug.h in Headers */ = {isa = PBXBuildFile; fileRef = BF012AEE2269FE13003AEB55 /* SoyDebug.h */; };
		BF012AF42269FE13003AEB55 /* SoyDebug.cpp in Sources */ = {isa = PBXBuildFile; fileRef = BF012AEF2269FE13003AEB55 /* SoyDebug.cpp */; };
		BF012AF82269FE3F003AEB55 /* SoyTypes.h in Headers */ = {isa = PBXBuildFile; fileRef = BF012AF52269FE3F003AEB55 /* SoyTypes.h */; };
		BF012AFA2269FE3F003AEB55 /* SoyTypes.cpp in Sources */ = {isa = PBXBuildFile; fileRef = BF012AF62269FE3F003AEB55 /* SoyTypes.cpp */; };
		BF012AFB2269FE3F003AEB55 /* SoyTypes_CoreFoundation.h in Headers */ = {isa = PBXBuildFile; fileRef = BF012AF72269FE3F003AEB55 /* SoyTypes_CoreFoundation.h */; };
		BF012AFF226A0108003AEB55 /* SoyTime.cpp in Sources */ = {isa = PBXBuildFile; fileRef = BF012AFC226A0108003AEB55 /* SoyTime.cpp */; };
		BF012B00226A0108003AEB55 /* SoyTime.h in Headers */ = {isa = PBXBuildFile; fileRef = BF012AFD226A0108003AEB55 /* SoyTime.h */; };
		BF012B04226A047F003AEB55 /* Avf.mm in Sources */ = {isa = PBXBuildFile; fileRef = BF012B02226A047F003AEB55 /* Avf.mm */; };
		BF012B07226A09EC003AEB55 /* AVFoundation.framework in Frameworks */ = {isa = PBXBuildFile; fileRef = BF012B06226A09EC003AEB55 /* AVFoundation.framework */; };
		BF012B0A226A0B05003AEB55 /* PopCameraDevice.h in Headers */ = {isa = PBXBuildFile; fileRef = BF012AB22268DBF8003AEB55 /* PopCameraDevice.h */; settings = {ATTRIBUTES = (Public, ); }; };
		BF012B17226A1D7F003AEB55 /* AvfVideoCapture.mm in Sources */ = {isa = PBXBuildFile; fileRef = BF012B11226A1D7F003AEB55 /* AvfVideoCapture.mm */; };
		BF012B18226A1D7F003AEB55 /* AvfVideoCapture.h in Headers */ = {isa = PBXBuildFile; fileRef = BF012B12226A1D7F003AEB55 /* AvfVideoCapture.h */; };
		BF012B1E226A1FD3003AEB55 /* AvfPixelBuffer.mm in Sources */ = {isa = PBXBuildFile; fileRef = BF012B1B226A1FD3003AEB55 /* AvfPixelBuffer.mm */; };
		BF012B22226A218F003AEB55 /* SoyScope.cpp in Sources */ = {isa = PBXBuildFile; fileRef = BF012B1F226A218F003AEB55 /* SoyScope.cpp */; };
		BF012B23226A218F003AEB55 /* SoyScope.h in Headers */ = {isa = PBXBuildFile; fileRef = BF012B20226A218F003AEB55 /* SoyScope.h */; };
		BF012B27226A21C0003AEB55 /* SoyAvf.h in Headers */ = {isa = PBXBuildFile; fileRef = BF012B25226A21C0003AEB55 /* SoyAvf.h */; };
		BF012B29226A21C0003AEB55 /* SoyAvf.mm in Sources */ = {isa = PBXBuildFile; fileRef = BF012B26226A21C0003AEB55 /* SoyAvf.mm */; };
		BF012B2D226A2232003AEB55 /* SoyOpenglContext.cpp in Sources */ = {isa = PBXBuildFile; fileRef = BF012B2B226A2232003AEB55 /* SoyOpenglContext.cpp */; };
		BF012B2F226A263E003AEB55 /* CoreMedia.framework in Frameworks */ = {isa = PBXBuildFile; fileRef = BF012B2E226A263E003AEB55 /* CoreMedia.framework */; };
		BF012B31226A2665003AEB55 /* VideoToolbox.framework in Frameworks */ = {isa = PBXBuildFile; fileRef = BF012B30226A2665003AEB55 /* VideoToolbox.framework */; };
		BF012B33226A267B003AEB55 /* OpenGL.framework in Frameworks */ = {isa = PBXBuildFile; fileRef = BF012B32226A267B003AEB55 /* OpenGL.framework */; };
		BF012B35226A2696003AEB55 /* CoreGraphics.framework in Frameworks */ = {isa = PBXBuildFile; fileRef = BF012B34226A2696003AEB55 /* CoreGraphics.framework */; };
		BF012B37226A26B0003AEB55 /* CoreVideo.framework in Frameworks */ = {isa = PBXBuildFile; fileRef = BF012B36226A26AF003AEB55 /* CoreVideo.framework */; };
		BF012B3B226A26E9003AEB55 /* SoyOpengl.cpp in Sources */ = {isa = PBXBuildFile; fileRef = BF012B38226A26E9003AEB55 /* SoyOpengl.cpp */; };
		BF012B3C226A26E9003AEB55 /* SoyOpengl.h in Headers */ = {isa = PBXBuildFile; fileRef = BF012B39226A26E9003AEB55 /* SoyOpengl.h */; };
		BF012B40226A26F1003AEB55 /* SoyH264.cpp in Sources */ = {isa = PBXBuildFile; fileRef = BF012B3D226A26F0003AEB55 /* SoyH264.cpp */; };
		BF012B41226A26F1003AEB55 /* SoyH264.h in Headers */ = {isa = PBXBuildFile; fileRef = BF012B3E226A26F0003AEB55 /* SoyH264.h */; };
		BF012B45226A26FB003AEB55 /* SoyThread.cpp in Sources */ = {isa = PBXBuildFile; fileRef = BF012B42226A26FB003AEB55 /* SoyThread.cpp */; };
		BF012B46226A26FB003AEB55 /* SoyThread.h in Headers */ = {isa = PBXBuildFile; fileRef = BF012B43226A26FB003AEB55 /* SoyThread.h */; };
		BF012B4A226A270A003AEB55 /* SoyMedia.cpp in Sources */ = {isa = PBXBuildFile; fileRef = BF012B47226A270A003AEB55 /* SoyMedia.cpp */; };
		BF012B4B226A270A003AEB55 /* SoyMedia.h in Headers */ = {isa = PBXBuildFile; fileRef = BF012B48226A270A003AEB55 /* SoyMedia.h */; };
		BF012B4F226A2726003AEB55 /* SoyGraphics.cpp in Sources */ = {isa = PBXBuildFile; fileRef = BF012B4C226A2726003AEB55 /* SoyGraphics.cpp */; };
		BF012B50226A2726003AEB55 /* SoyGraphics.h in Headers */ = {isa = PBXBuildFile; fileRef = BF012B4D226A2726003AEB55 /* SoyGraphics.h */; };
		BF012B53226A2FCF003AEB55 /* SoyMediaFormat.h in Headers */ = {isa = PBXBuildFile; fileRef = BF012B51226A2FCF003AEB55 /* SoyMediaFormat.h */; };
		BF012B55226A2FCF003AEB55 /* SoyMediaFormat.cpp in Sources */ = {isa = PBXBuildFile; fileRef = BF012B52226A2FCF003AEB55 /* SoyMediaFormat.cpp */; };
		BF012B59226A2FE0003AEB55 /* SoyWave.cpp in Sources */ = {isa = PBXBuildFile; fileRef = BF012B56226A2FE0003AEB55 /* SoyWave.cpp */; };
		BF012B5A226A2FE0003AEB55 /* SoyWave.h in Headers */ = {isa = PBXBuildFile; fileRef = BF012B57226A2FE0003AEB55 /* SoyWave.h */; };
		BF012B5E226A30A6003AEB55 /* SoyVector.cpp in Sources */ = {isa = PBXBuildFile; fileRef = BF012B5B226A30A6003AEB55 /* SoyVector.cpp */; };
		BF012B5F226A30A6003AEB55 /* SoyVector.h in Headers */ = {isa = PBXBuildFile; fileRef = BF012B5C226A30A6003AEB55 /* SoyVector.h */; };
		BF012B62226A30C7003AEB55 /* SoyShader.h in Headers */ = {isa = PBXBuildFile; fileRef = BF012B60226A30C7003AEB55 /* SoyShader.h */; };
		BF012B64226A30C7003AEB55 /* SoyShader.cpp in Sources */ = {isa = PBXBuildFile; fileRef = BF012B61226A30C7003AEB55 /* SoyShader.cpp */; };
		BF012B69226A3176003AEB55 /* SoyFilesystem.cpp in Sources */ = {isa = PBXBuildFile; fileRef = BF012B65226A3176003AEB55 /* SoyFilesystem.cpp */; };
		BF012B6A226A3176003AEB55 /* SoyFilesystem.h in Headers */ = {isa = PBXBuildFile; fileRef = BF012B66226A3176003AEB55 /* SoyFilesystem.h */; };
		BF012B6C226A3176003AEB55 /* SoyFilesystem.mm in Sources */ = {isa = PBXBuildFile; fileRef = BF012B67226A3176003AEB55 /* SoyFilesystem.mm */; };
		BF012B6E226A31F3003AEB55 /* CoreServices.framework in Frameworks */ = {isa = PBXBuildFile; fileRef = BF012B6D226A31F2003AEB55 /* CoreServices.framework */; };
		BF012B76226A3296003AEB55 /* SoyTime.mm in Sources */ = {isa = PBXBuildFile; fileRef = BF012B74226A3296003AEB55 /* SoyTime.mm */; };
		BF012B78226A3303003AEB55 /* AppKit.framework in Frameworks */ = {isa = PBXBuildFile; fileRef = BF012B77226A3303003AEB55 /* AppKit.framework */; };
		BF108A9922970C92003DDC5F /* PopCameraDevice_TestApp.cpp in Sources */ = {isa = PBXBuildFile; fileRef = BF108A9822970C92003DDC5F /* PopCameraDevice_TestApp.cpp */; };
		BF108AB322971762003DDC5F /* AvfPixelBuffer.h in Headers */ = {isa = PBXBuildFile; fileRef = BF012B1A226A1FD3003AEB55 /* AvfPixelBuffer.h */; };
		BF108AE5229726CF003DDC5F /* Readme.md in Resources */ = {isa = PBXBuildFile; fileRef = BF108AD8229726CE003DDC5F /* Readme.md */; };
		BF108AF022972F29003DDC5F /* IOKit.framework in Frameworks */ = {isa = PBXBuildFile; fileRef = BF108AEE22972F23003DDC5F /* IOKit.framework */; };
		BF1520182384863900A70EBF /* Avf.mm in Sources */ = {isa = PBXBuildFile; fileRef = BF012B02226A047F003AEB55 /* Avf.mm */; };
		BF1520192384863900A70EBF /* AvfCapture.mm in Sources */ = {isa = PBXBuildFile; fileRef = BF012ACE2268DE24003AEB55 /* AvfCapture.mm */; };
		BF15201A2384863900A70EBF /* AvfVideoCapture.mm in Sources */ = {isa = PBXBuildFile; fileRef = BF012B11226A1D7F003AEB55 /* AvfVideoCapture.mm */; };
		BF15201C2384863900A70EBF /* PopCameraDevice.cpp in Sources */ = {isa = PBXBuildFile; fileRef = BF012AB42268DBF8003AEB55 /* PopCameraDevice.cpp */; };
		BF15201D2384863900A70EBF /* TCameraDevice.cpp in Sources */ = {isa = PBXBuildFile; fileRef = BF012AB52268DBF8003AEB55 /* TCameraDevice.cpp */; };
		BF15201E2384863900A70EBF /* TestDevice.cpp in Sources */ = {isa = PBXBuildFile; fileRef = BF012AAC2268DBF7003AEB55 /* TestDevice.cpp */; };
		BF1520212385593C00A70EBF /* CoreMedia.framework in Frameworks */ = {isa = PBXBuildFile; fileRef = BF1520202385593C00A70EBF /* CoreMedia.framework */; };
		BF1520232385594200A70EBF /* VideoToolbox.framework in Frameworks */ = {isa = PBXBuildFile; fileRef = BF1520222385594100A70EBF /* VideoToolbox.framework */; };
		BF1520252385594900A70EBF /* AVFoundation.framework in Frameworks */ = {isa = PBXBuildFile; fileRef = BF1520242385594900A70EBF /* AVFoundation.framework */; };
		BF152027238559A200A70EBF /* AvfPixelBuffer.mm in Sources */ = {isa = PBXBuildFile; fileRef = BF012B1B226A1FD3003AEB55 /* AvfPixelBuffer.mm */; };
		BF152028238559A200A70EBF /* memheap.cpp in Sources */ = {isa = PBXBuildFile; fileRef = BF012AE92269FCBF003AEB55 /* memheap.cpp */; };
		BF152029238559A200A70EBF /* SoyAssert.cpp in Sources */ = {isa = PBXBuildFile; fileRef = BF012AD92269FC83003AEB55 /* SoyAssert.cpp */; };
		BF15202A238559A200A70EBF /* SoyAvf.mm in Sources */ = {isa = PBXBuildFile; fileRef = BF012B26226A21C0003AEB55 /* SoyAvf.mm */; };
		BF15202B238559A200A70EBF /* SoyDebug.mm in Sources */ = {isa = PBXBuildFile; fileRef = BF012AED2269FE12003AEB55 /* SoyDebug.mm */; };
		BF15202C238559A200A70EBF /* SoyFilesystem.cpp in Sources */ = {isa = PBXBuildFile; fileRef = BF012B65226A3176003AEB55 /* SoyFilesystem.cpp */; };
		BF15202D238559A200A70EBF /* SoyFilesystem.mm in Sources */ = {isa = PBXBuildFile; fileRef = BF012B67226A3176003AEB55 /* SoyFilesystem.mm */; };
		BF15202E238559A200A70EBF /* SoyGraphics.cpp in Sources */ = {isa = PBXBuildFile; fileRef = BF012B4C226A2726003AEB55 /* SoyGraphics.cpp */; };
		BF15202F238559A200A70EBF /* SoyH264.cpp in Sources */ = {isa = PBXBuildFile; fileRef = BF012B3D226A26F0003AEB55 /* SoyH264.cpp */; };
		BF152030238559A200A70EBF /* SoyJson.cpp in Sources */ = {isa = PBXBuildFile; fileRef = BFEE8DFC22B125AA00F89A39 /* SoyJson.cpp */; };
		BF152031238559A200A70EBF /* SoyMedia.cpp in Sources */ = {isa = PBXBuildFile; fileRef = BF012B47226A270A003AEB55 /* SoyMedia.cpp */; };
		BF152032238559A200A70EBF /* SoyMediaFormat.cpp in Sources */ = {isa = PBXBuildFile; fileRef = BF012B52226A2FCF003AEB55 /* SoyMediaFormat.cpp */; };
		BF152033238559A200A70EBF /* SoyOpengl.cpp in Sources */ = {isa = PBXBuildFile; fileRef = BF012B38226A26E9003AEB55 /* SoyOpengl.cpp */; };
		BF152034238559A200A70EBF /* SoyOpenglContext.cpp in Sources */ = {isa = PBXBuildFile; fileRef = BF012B2B226A2232003AEB55 /* SoyOpenglContext.cpp */; };
		BF152035238559A200A70EBF /* SoyPixels.cpp in Sources */ = {isa = PBXBuildFile; fileRef = BF012AD82269FC83003AEB55 /* SoyPixels.cpp */; };
		BF152036238559A200A70EBF /* SoyScope.cpp in Sources */ = {isa = PBXBuildFile; fileRef = BF012B1F226A218F003AEB55 /* SoyScope.cpp */; };
		BF152037238559A200A70EBF /* SoyShader.cpp in Sources */ = {isa = PBXBuildFile; fileRef = BF012B61226A30C7003AEB55 /* SoyShader.cpp */; };
		BF152038238559A200A70EBF /* SoyString.cpp in Sources */ = {isa = PBXBuildFile; fileRef = BF012AE12269FCA4003AEB55 /* SoyString.cpp */; };
		BF152039238559A200A70EBF /* SoyString.mm in Sources */ = {isa = PBXBuildFile; fileRef = BF012AE02269FCA4003AEB55 /* SoyString.mm */; };
		BF15203A238559A200A70EBF /* SoyThread.cpp in Sources */ = {isa = PBXBuildFile; fileRef = BF012B42226A26FB003AEB55 /* SoyThread.cpp */; };
		BF15203B238559A200A70EBF /* SoyTime.cpp in Sources */ = {isa = PBXBuildFile; fileRef = BF012AFC226A0108003AEB55 /* SoyTime.cpp */; };
		BF15203C238559A200A70EBF /* SoyTime.mm in Sources */ = {isa = PBXBuildFile; fileRef = BF012B74226A3296003AEB55 /* SoyTime.mm */; };
		BF15203D238559A200A70EBF /* SoyTypes.cpp in Sources */ = {isa = PBXBuildFile; fileRef = BF012AF62269FE3F003AEB55 /* SoyTypes.cpp */; };
		BF15203E238559A200A70EBF /* SoyVector.cpp in Sources */ = {isa = PBXBuildFile; fileRef = BF012B5B226A30A6003AEB55 /* SoyVector.cpp */; };
		BF15203F238559A200A70EBF /* SoyWave.cpp in Sources */ = {isa = PBXBuildFile; fileRef = BF012B56226A2FE0003AEB55 /* SoyWave.cpp */; };
		BF152043238559F000A70EBF /* SoyFourcc.cpp in Sources */ = {isa = PBXBuildFile; fileRef = BF152040238559ED00A70EBF /* SoyFourcc.cpp */; };
		BF152045238559F100A70EBF /* SoyFourcc.cpp in Sources */ = {isa = PBXBuildFile; fileRef = BF152040238559ED00A70EBF /* SoyFourcc.cpp */; };
		BF15204623855B8C00A70EBF /* SoyDebug.cpp in Sources */ = {isa = PBXBuildFile; fileRef = BF012AEF2269FE13003AEB55 /* SoyDebug.cpp */; };
		BF15204823855B9900A70EBF /* OpenGLES.framework in Frameworks */ = {isa = PBXBuildFile; fileRef = BF15204723855B9800A70EBF /* OpenGLES.framework */; };
		BF15204A23855BAB00A70EBF /* CoreVideo.framework in Frameworks */ = {isa = PBXBuildFile; fileRef = BF15204923855BAA00A70EBF /* CoreVideo.framework */; };
		BF15204E23855BDC00A70EBF /* SoyArray.cpp in Sources */ = {isa = PBXBuildFile; fileRef = BF15204C23855BD500A70EBF /* SoyArray.cpp */; };
		BF15204F23855BDD00A70EBF /* SoyArray.cpp in Sources */ = {isa = PBXBuildFile; fileRef = BF15204C23855BD500A70EBF /* SoyArray.cpp */; };
		BF15205123855D8300A70EBF /* CoreGraphics.framework in Frameworks */ = {isa = PBXBuildFile; fileRef = BF15205023855D8200A70EBF /* CoreGraphics.framework */; };
		BF15205323855F1F00A70EBF /* UIKit.framework in Frameworks */ = {isa = PBXBuildFile; fileRef = BF15205223855F1F00A70EBF /* UIKit.framework */; };
		BF216E9C24C99989003FD00B /* ARKit.framework in Frameworks */ = {isa = PBXBuildFile; fileRef = BF216E9B24C99989003FD00B /* ARKit.framework */; };
		BF216EA024CA1B81003FD00B /* json11.cpp in Sources */ = {isa = PBXBuildFile; fileRef = BF216E9E24CA1B7D003FD00B /* json11.cpp */; };
		BF216EA124CA1B82003FD00B /* json11.cpp in Sources */ = {isa = PBXBuildFile; fileRef = BF216E9E24CA1B7D003FD00B /* json11.cpp */; };
		BF39C0CC2401EE81000C7E56 /* PopCameraDevice.cs in Resources */ = {isa = PBXBuildFile; fileRef = BF39C0CA2401EE81000C7E56 /* PopCameraDevice.cs */; };
		BF39C0CD2401EE81000C7E56 /* PopCameraDevice.cs in Resources */ = {isa = PBXBuildFile; fileRef = BF39C0CA2401EE81000C7E56 /* PopCameraDevice.cs */; };
		BF5C4ACC23FB04D1007D6393 /* PopCameraDevice_Osx.framework in Frameworks */ = {isa = PBXBuildFile; fileRef = BF012AC52268DC95003AEB55 /* PopCameraDevice_Osx.framework */; };
		BF5C4ACD23FB04D1007D6393 /* PopCameraDevice_Osx.framework in Embed Frameworks */ = {isa = PBXBuildFile; fileRef = BF012AC52268DC95003AEB55 /* PopCameraDevice_Osx.framework */; settings = {ATTRIBUTES = (CodeSignOnCopy, RemoveHeadersOnCopy, ); }; };
		BF67C86524373BD700D7492E /* CoreMediaIO.framework in Frameworks */ = {isa = PBXBuildFile; fileRef = BF67C86424373BD600D7492E /* CoreMediaIO.framework */; };
		BF8534CE22B3FE370049C01B /* registration.c in Sources */ = {isa = PBXBuildFile; fileRef = BF8534BB22B3FE360049C01B /* registration.c */; };
		BF8534D222B3FE370049C01B /* audio.c in Sources */ = {isa = PBXBuildFile; fileRef = BF8534BD22B3FE360049C01B /* audio.c */; };
		BF8534D722B3FE370049C01B /* flags.c in Sources */ = {isa = PBXBuildFile; fileRef = BF8534C022B3FE370049C01B /* flags.c */; };
		BF8534DA22B3FE370049C01B /* usb_libusb10.c in Sources */ = {isa = PBXBuildFile; fileRef = BF8534C122B3FE370049C01B /* usb_libusb10.c */; };
		BF8534DD22B3FE370049C01B /* cameras.c in Sources */ = {isa = PBXBuildFile; fileRef = BF8534C222B3FE370049C01B /* cameras.c */; };
		BF8534E022B3FE370049C01B /* core.c in Sources */ = {isa = PBXBuildFile; fileRef = BF8534C322B3FE370049C01B /* core.c */; };
		BF8534E322B3FE370049C01B /* tilt.c in Sources */ = {isa = PBXBuildFile; fileRef = BF8534C422B3FE370049C01B /* tilt.c */; };
		BF8534EA22B3FE370049C01B /* loader.c in Sources */ = {isa = PBXBuildFile; fileRef = BF8534C722B3FE370049C01B /* loader.c */; };
		BFBD322124B7B1A50029951F /* ARKit.framework in Frameworks */ = {isa = PBXBuildFile; fileRef = BFBD322024B7B1A40029951F /* ARKit.framework */; };
		BFDBAB8424B9C64F00E8BCE1 /* ArkitCapture.h in Headers */ = {isa = PBXBuildFile; fileRef = BFDBAB8224B9C64F00E8BCE1 /* ArkitCapture.h */; };
		BFDBAB8524B9C64F00E8BCE1 /* ArkitCapture.mm in Sources */ = {isa = PBXBuildFile; fileRef = BFDBAB8324B9C64F00E8BCE1 /* ArkitCapture.mm */; };
		BFEE8DF022B0097B00F89A39 /* Freenect.cpp in Sources */ = {isa = PBXBuildFile; fileRef = BF108A872296F476003DDC5F /* Freenect.cpp */; };
		BFEE8DF922B013AD00F89A39 /* libusb-1.0.a in Frameworks */ = {isa = PBXBuildFile; fileRef = BF108AD2229726CE003DDC5F /* libusb-1.0.a */; };
		BFEE8DFD22B125AA00F89A39 /* SoyJson.h in Headers */ = {isa = PBXBuildFile; fileRef = BFEE8DFB22B125AA00F89A39 /* SoyJson.h */; };
		BFEE8DFF22B125AA00F89A39 /* SoyJson.cpp in Sources */ = {isa = PBXBuildFile; fileRef = BFEE8DFC22B125AA00F89A39 /* SoyJson.cpp */; };
/* End PBXBuildFile section */

/* Begin PBXContainerItemProxy section */
		BF5C4ACE23FB04D1007D6393 /* PBXContainerItemProxy */ = {
			isa = PBXContainerItemProxy;
			containerPortal = BF4A6A0C1EA16D7C00613A64 /* Project object */;
			proxyType = 1;
			remoteGlobalIDString = BF012AC42268DC95003AEB55;
			remoteInfo = PopCameraDevice_Osx;
		};
/* End PBXContainerItemProxy section */

/* Begin PBXCopyFilesBuildPhase section */
		BF5C4AD023FB04D1007D6393 /* Embed Frameworks */ = {
			isa = PBXCopyFilesBuildPhase;
			buildActionMask = 2147483647;
			dstPath = "";
			dstSubfolderSpec = 10;
			files = (
				BF5C4ACD23FB04D1007D6393 /* PopCameraDevice_Osx.framework in Embed Frameworks */,
			);
			name = "Embed Frameworks";
			runOnlyForDeploymentPostprocessing = 0;
		};
/* End PBXCopyFilesBuildPhase section */

/* Begin PBXFileReference section */
		BF012AA92268DBF7003AEB55 /* FrameworkInfo.plist */ = {isa = PBXFileReference; fileEncoding = 4; lastKnownFileType = text.plist.xml; name = FrameworkInfo.plist; path = Source/FrameworkInfo.plist; sourceTree = "<group>"; };
		BF012AAA2268DBF7003AEB55 /* MfCapture.h */ = {isa = PBXFileReference; fileEncoding = 4; lastKnownFileType = sourcecode.c.h; name = MfCapture.h; path = Source/MfCapture.h; sourceTree = "<group>"; };
		BF012AAB2268DBF7003AEB55 /* MfDecoder.h */ = {isa = PBXFileReference; fileEncoding = 4; lastKnownFileType = sourcecode.c.h; name = MfDecoder.h; path = Source/MfDecoder.h; sourceTree = "<group>"; };
		BF012AAC2268DBF7003AEB55 /* TestDevice.cpp */ = {isa = PBXFileReference; fileEncoding = 4; lastKnownFileType = sourcecode.cpp.cpp; name = TestDevice.cpp; path = Source/TestDevice.cpp; sourceTree = "<group>"; };
		BF012AAD2268DBF7003AEB55 /* MfDecoder.cpp */ = {isa = PBXFileReference; fileEncoding = 4; lastKnownFileType = sourcecode.cpp.cpp; name = MfDecoder.cpp; path = Source/MfDecoder.cpp; sourceTree = "<group>"; };
		BF012AAE2268DBF8003AEB55 /* BundleInfo.plist */ = {isa = PBXFileReference; fileEncoding = 4; lastKnownFileType = text.plist.xml; name = BundleInfo.plist; path = Source/BundleInfo.plist; sourceTree = "<group>"; };
		BF012AAF2268DBF8003AEB55 /* TCameraDevice.h */ = {isa = PBXFileReference; fileEncoding = 4; lastKnownFileType = sourcecode.c.h; name = TCameraDevice.h; path = Source/TCameraDevice.h; sourceTree = "<group>"; };
		BF012AB02268DBF8003AEB55 /* MfCapture.cpp */ = {isa = PBXFileReference; fileEncoding = 4; lastKnownFileType = sourcecode.cpp.cpp; name = MfCapture.cpp; path = Source/MfCapture.cpp; sourceTree = "<group>"; };
		BF012AB12268DBF8003AEB55 /* TestDevice.h */ = {isa = PBXFileReference; fileEncoding = 4; lastKnownFileType = sourcecode.c.h; name = TestDevice.h; path = Source/TestDevice.h; sourceTree = "<group>"; };
		BF012AB22268DBF8003AEB55 /* PopCameraDevice.h */ = {isa = PBXFileReference; fileEncoding = 4; lastKnownFileType = sourcecode.c.h; name = PopCameraDevice.h; path = Source/PopCameraDevice.h; sourceTree = "<group>"; };
		BF012AB42268DBF8003AEB55 /* PopCameraDevice.cpp */ = {isa = PBXFileReference; fileEncoding = 4; lastKnownFileType = sourcecode.cpp.cpp; name = PopCameraDevice.cpp; path = Source/PopCameraDevice.cpp; sourceTree = "<group>"; };
		BF012AB52268DBF8003AEB55 /* TCameraDevice.cpp */ = {isa = PBXFileReference; fileEncoding = 4; lastKnownFileType = sourcecode.cpp.cpp; name = TCameraDevice.cpp; path = Source/TCameraDevice.cpp; sourceTree = "<group>"; };
		BF012AB62268DBF8003AEB55 /* PopCameraDeviceFramework.h */ = {isa = PBXFileReference; fileEncoding = 4; lastKnownFileType = sourcecode.c.h; name = PopCameraDeviceFramework.h; path = Source/PopCameraDeviceFramework.h; sourceTree = "<group>"; };
		BF012ABE2268DC5C003AEB55 /* PopCameraDevice_Osx.xcconfig */ = {isa = PBXFileReference; fileEncoding = 4; lastKnownFileType = text.xcconfig; name = PopCameraDevice_Osx.xcconfig; path = Source/PopCameraDevice_Osx.xcconfig; sourceTree = "<group>"; };
		BF012AC52268DC95003AEB55 /* PopCameraDevice_Osx.framework */ = {isa = PBXFileReference; explicitFileType = wrapper.framework; includeInIndex = 0; path = PopCameraDevice_Osx.framework; sourceTree = BUILT_PRODUCTS_DIR; };
		BF012ACD2268DE24003AEB55 /* AvfCapture.h */ = {isa = PBXFileReference; fileEncoding = 4; lastKnownFileType = sourcecode.c.h; name = AvfCapture.h; path = Source/AvfCapture.h; sourceTree = "<group>"; };
		BF012ACE2268DE24003AEB55 /* AvfCapture.mm */ = {isa = PBXFileReference; fileEncoding = 4; lastKnownFileType = sourcecode.cpp.objcpp; name = AvfCapture.mm; path = Source/AvfCapture.mm; sourceTree = "<group>"; };
		BF012AD62269FC83003AEB55 /* SoyPixels.h */ = {isa = PBXFileReference; fileEncoding = 4; lastKnownFileType = sourcecode.c.h; path = SoyPixels.h; sourceTree = "<group>"; };
		BF012AD72269FC83003AEB55 /* SoyAssert.h */ = {isa = PBXFileReference; fileEncoding = 4; lastKnownFileType = sourcecode.c.h; path = SoyAssert.h; sourceTree = "<group>"; };
		BF012AD82269FC83003AEB55 /* SoyPixels.cpp */ = {isa = PBXFileReference; fileEncoding = 4; lastKnownFileType = sourcecode.cpp.cpp; path = SoyPixels.cpp; sourceTree = "<group>"; };
		BF012AD92269FC83003AEB55 /* SoyAssert.cpp */ = {isa = PBXFileReference; fileEncoding = 4; lastKnownFileType = sourcecode.cpp.cpp; path = SoyAssert.cpp; sourceTree = "<group>"; };
		BF012AE02269FCA4003AEB55 /* SoyString.mm */ = {isa = PBXFileReference; fileEncoding = 4; lastKnownFileType = sourcecode.cpp.objcpp; path = SoyString.mm; sourceTree = "<group>"; };
		BF012AE12269FCA4003AEB55 /* SoyString.cpp */ = {isa = PBXFileReference; fileEncoding = 4; lastKnownFileType = sourcecode.cpp.cpp; path = SoyString.cpp; sourceTree = "<group>"; };
		BF012AE22269FCA4003AEB55 /* SoyString.h */ = {isa = PBXFileReference; fileEncoding = 4; lastKnownFileType = sourcecode.c.h; path = SoyString.h; sourceTree = "<group>"; };
		BF012AE82269FCBF003AEB55 /* MemHeap.hpp */ = {isa = PBXFileReference; fileEncoding = 4; lastKnownFileType = sourcecode.cpp.h; path = MemHeap.hpp; sourceTree = "<group>"; };
		BF012AE92269FCBF003AEB55 /* memheap.cpp */ = {isa = PBXFileReference; fileEncoding = 4; lastKnownFileType = sourcecode.cpp.cpp; path = memheap.cpp; sourceTree = "<group>"; };
		BF012AED2269FE12003AEB55 /* SoyDebug.mm */ = {isa = PBXFileReference; fileEncoding = 4; lastKnownFileType = sourcecode.cpp.objcpp; path = SoyDebug.mm; sourceTree = "<group>"; };
		BF012AEE2269FE13003AEB55 /* SoyDebug.h */ = {isa = PBXFileReference; fileEncoding = 4; lastKnownFileType = sourcecode.c.h; path = SoyDebug.h; sourceTree = "<group>"; };
		BF012AEF2269FE13003AEB55 /* SoyDebug.cpp */ = {isa = PBXFileReference; fileEncoding = 4; lastKnownFileType = sourcecode.cpp.cpp; path = SoyDebug.cpp; sourceTree = "<group>"; };
		BF012AF52269FE3F003AEB55 /* SoyTypes.h */ = {isa = PBXFileReference; fileEncoding = 4; lastKnownFileType = sourcecode.c.h; path = SoyTypes.h; sourceTree = "<group>"; };
		BF012AF62269FE3F003AEB55 /* SoyTypes.cpp */ = {isa = PBXFileReference; fileEncoding = 4; lastKnownFileType = sourcecode.cpp.cpp; path = SoyTypes.cpp; sourceTree = "<group>"; };
		BF012AF72269FE3F003AEB55 /* SoyTypes_CoreFoundation.h */ = {isa = PBXFileReference; fileEncoding = 4; lastKnownFileType = sourcecode.c.h; path = SoyTypes_CoreFoundation.h; sourceTree = "<group>"; };
		BF012AFC226A0108003AEB55 /* SoyTime.cpp */ = {isa = PBXFileReference; fileEncoding = 4; lastKnownFileType = sourcecode.cpp.cpp; path = SoyTime.cpp; sourceTree = "<group>"; };
		BF012AFD226A0108003AEB55 /* SoyTime.h */ = {isa = PBXFileReference; fileEncoding = 4; lastKnownFileType = sourcecode.c.h; path = SoyTime.h; sourceTree = "<group>"; };
		BF012B01226A03C5003AEB55 /* Avf.h */ = {isa = PBXFileReference; lastKnownFileType = sourcecode.c.h; name = Avf.h; path = Source/Avf.h; sourceTree = "<group>"; };
		BF012B02226A047F003AEB55 /* Avf.mm */ = {isa = PBXFileReference; fileEncoding = 4; lastKnownFileType = sourcecode.cpp.objcpp; name = Avf.mm; path = Source/Avf.mm; sourceTree = "<group>"; };
		BF012B06226A09EC003AEB55 /* AVFoundation.framework */ = {isa = PBXFileReference; lastKnownFileType = wrapper.framework; name = AVFoundation.framework; path = System/Library/Frameworks/AVFoundation.framework; sourceTree = SDKROOT; };
		BF012B11226A1D7F003AEB55 /* AvfVideoCapture.mm */ = {isa = PBXFileReference; fileEncoding = 4; lastKnownFileType = sourcecode.cpp.objcpp; name = AvfVideoCapture.mm; path = Source/AvfVideoCapture.mm; sourceTree = "<group>"; };
		BF012B12226A1D7F003AEB55 /* AvfVideoCapture.h */ = {isa = PBXFileReference; fileEncoding = 4; lastKnownFileType = sourcecode.c.h; name = AvfVideoCapture.h; path = Source/AvfVideoCapture.h; sourceTree = "<group>"; };
		BF012B1A226A1FD3003AEB55 /* AvfPixelBuffer.h */ = {isa = PBXFileReference; fileEncoding = 4; lastKnownFileType = sourcecode.c.h; path = AvfPixelBuffer.h; sourceTree = "<group>"; };
		BF012B1B226A1FD3003AEB55 /* AvfPixelBuffer.mm */ = {isa = PBXFileReference; fileEncoding = 4; lastKnownFileType = sourcecode.cpp.objcpp; path = AvfPixelBuffer.mm; sourceTree = "<group>"; };
		BF012B1F226A218F003AEB55 /* SoyScope.cpp */ = {isa = PBXFileReference; fileEncoding = 4; lastKnownFileType = sourcecode.cpp.cpp; path = SoyScope.cpp; sourceTree = "<group>"; };
		BF012B20226A218F003AEB55 /* SoyScope.h */ = {isa = PBXFileReference; fileEncoding = 4; lastKnownFileType = sourcecode.c.h; path = SoyScope.h; sourceTree = "<group>"; };
		BF012B24226A21AF003AEB55 /* RemoteArray.h */ = {isa = PBXFileReference; lastKnownFileType = sourcecode.c.h; path = RemoteArray.h; sourceTree = "<group>"; };
		BF012B25226A21C0003AEB55 /* SoyAvf.h */ = {isa = PBXFileReference; fileEncoding = 4; lastKnownFileType = sourcecode.c.h; path = SoyAvf.h; sourceTree = "<group>"; };
		BF012B26226A21C0003AEB55 /* SoyAvf.mm */ = {isa = PBXFileReference; fileEncoding = 4; lastKnownFileType = sourcecode.cpp.objcpp; path = SoyAvf.mm; sourceTree = "<group>"; };
		BF012B2A226A222B003AEB55 /* SoyOpenglContext.h */ = {isa = PBXFileReference; lastKnownFileType = sourcecode.c.h; path = SoyOpenglContext.h; sourceTree = "<group>"; };
		BF012B2B226A2232003AEB55 /* SoyOpenglContext.cpp */ = {isa = PBXFileReference; fileEncoding = 4; lastKnownFileType = sourcecode.cpp.cpp; path = SoyOpenglContext.cpp; sourceTree = "<group>"; };
		BF012B2E226A263E003AEB55 /* CoreMedia.framework */ = {isa = PBXFileReference; lastKnownFileType = wrapper.framework; name = CoreMedia.framework; path = System/Library/Frameworks/CoreMedia.framework; sourceTree = SDKROOT; };
		BF012B30226A2665003AEB55 /* VideoToolbox.framework */ = {isa = PBXFileReference; lastKnownFileType = wrapper.framework; name = VideoToolbox.framework; path = System/Library/Frameworks/VideoToolbox.framework; sourceTree = SDKROOT; };
		BF012B32226A267B003AEB55 /* OpenGL.framework */ = {isa = PBXFileReference; lastKnownFileType = wrapper.framework; name = OpenGL.framework; path = System/Library/Frameworks/OpenGL.framework; sourceTree = SDKROOT; };
		BF012B34226A2696003AEB55 /* CoreGraphics.framework */ = {isa = PBXFileReference; lastKnownFileType = wrapper.framework; name = CoreGraphics.framework; path = System/Library/Frameworks/CoreGraphics.framework; sourceTree = SDKROOT; };
		BF012B36226A26AF003AEB55 /* CoreVideo.framework */ = {isa = PBXFileReference; lastKnownFileType = wrapper.framework; name = CoreVideo.framework; path = System/Library/Frameworks/CoreVideo.framework; sourceTree = SDKROOT; };
		BF012B38226A26E9003AEB55 /* SoyOpengl.cpp */ = {isa = PBXFileReference; fileEncoding = 4; lastKnownFileType = sourcecode.cpp.cpp; path = SoyOpengl.cpp; sourceTree = "<group>"; };
		BF012B39226A26E9003AEB55 /* SoyOpengl.h */ = {isa = PBXFileReference; fileEncoding = 4; lastKnownFileType = sourcecode.c.h; path = SoyOpengl.h; sourceTree = "<group>"; };
		BF012B3D226A26F0003AEB55 /* SoyH264.cpp */ = {isa = PBXFileReference; fileEncoding = 4; lastKnownFileType = sourcecode.cpp.cpp; path = SoyH264.cpp; sourceTree = "<group>"; };
		BF012B3E226A26F0003AEB55 /* SoyH264.h */ = {isa = PBXFileReference; fileEncoding = 4; lastKnownFileType = sourcecode.c.h; path = SoyH264.h; sourceTree = "<group>"; };
		BF012B42226A26FB003AEB55 /* SoyThread.cpp */ = {isa = PBXFileReference; fileEncoding = 4; lastKnownFileType = sourcecode.cpp.cpp; path = SoyThread.cpp; sourceTree = "<group>"; };
		BF012B43226A26FB003AEB55 /* SoyThread.h */ = {isa = PBXFileReference; fileEncoding = 4; lastKnownFileType = sourcecode.c.h; path = SoyThread.h; sourceTree = "<group>"; };
		BF012B47226A270A003AEB55 /* SoyMedia.cpp */ = {isa = PBXFileReference; fileEncoding = 4; lastKnownFileType = sourcecode.cpp.cpp; path = SoyMedia.cpp; sourceTree = "<group>"; };
		BF012B48226A270A003AEB55 /* SoyMedia.h */ = {isa = PBXFileReference; fileEncoding = 4; lastKnownFileType = sourcecode.c.h; path = SoyMedia.h; sourceTree = "<group>"; };
		BF012B4C226A2726003AEB55 /* SoyGraphics.cpp */ = {isa = PBXFileReference; fileEncoding = 4; lastKnownFileType = sourcecode.cpp.cpp; path = SoyGraphics.cpp; sourceTree = "<group>"; };
		BF012B4D226A2726003AEB55 /* SoyGraphics.h */ = {isa = PBXFileReference; fileEncoding = 4; lastKnownFileType = sourcecode.c.h; path = SoyGraphics.h; sourceTree = "<group>"; };
		BF012B51226A2FCF003AEB55 /* SoyMediaFormat.h */ = {isa = PBXFileReference; fileEncoding = 4; lastKnownFileType = sourcecode.c.h; path = SoyMediaFormat.h; sourceTree = "<group>"; };
		BF012B52226A2FCF003AEB55 /* SoyMediaFormat.cpp */ = {isa = PBXFileReference; fileEncoding = 4; lastKnownFileType = sourcecode.cpp.cpp; path = SoyMediaFormat.cpp; sourceTree = "<group>"; };
		BF012B56226A2FE0003AEB55 /* SoyWave.cpp */ = {isa = PBXFileReference; fileEncoding = 4; lastKnownFileType = sourcecode.cpp.cpp; path = SoyWave.cpp; sourceTree = "<group>"; };
		BF012B57226A2FE0003AEB55 /* SoyWave.h */ = {isa = PBXFileReference; fileEncoding = 4; lastKnownFileType = sourcecode.c.h; path = SoyWave.h; sourceTree = "<group>"; };
		BF012B5B226A30A6003AEB55 /* SoyVector.cpp */ = {isa = PBXFileReference; fileEncoding = 4; lastKnownFileType = sourcecode.cpp.cpp; path = SoyVector.cpp; sourceTree = "<group>"; };
		BF012B5C226A30A6003AEB55 /* SoyVector.h */ = {isa = PBXFileReference; fileEncoding = 4; lastKnownFileType = sourcecode.c.h; path = SoyVector.h; sourceTree = "<group>"; };
		BF012B60226A30C7003AEB55 /* SoyShader.h */ = {isa = PBXFileReference; fileEncoding = 4; lastKnownFileType = sourcecode.c.h; path = SoyShader.h; sourceTree = "<group>"; };
		BF012B61226A30C7003AEB55 /* SoyShader.cpp */ = {isa = PBXFileReference; fileEncoding = 4; lastKnownFileType = sourcecode.cpp.cpp; path = SoyShader.cpp; sourceTree = "<group>"; };
		BF012B65226A3176003AEB55 /* SoyFilesystem.cpp */ = {isa = PBXFileReference; fileEncoding = 4; lastKnownFileType = sourcecode.cpp.cpp; path = SoyFilesystem.cpp; sourceTree = "<group>"; };
		BF012B66226A3176003AEB55 /* SoyFilesystem.h */ = {isa = PBXFileReference; fileEncoding = 4; lastKnownFileType = sourcecode.c.h; path = SoyFilesystem.h; sourceTree = "<group>"; };
		BF012B67226A3176003AEB55 /* SoyFilesystem.mm */ = {isa = PBXFileReference; fileEncoding = 4; lastKnownFileType = sourcecode.cpp.objcpp; path = SoyFilesystem.mm; sourceTree = "<group>"; };
		BF012B6D226A31F2003AEB55 /* CoreServices.framework */ = {isa = PBXFileReference; lastKnownFileType = wrapper.framework; name = CoreServices.framework; path = System/Library/Frameworks/CoreServices.framework; sourceTree = SDKROOT; };
		BF012B74226A3296003AEB55 /* SoyTime.mm */ = {isa = PBXFileReference; fileEncoding = 4; lastKnownFileType = sourcecode.cpp.objcpp; path = SoyTime.mm; sourceTree = "<group>"; };
		BF012B77226A3303003AEB55 /* AppKit.framework */ = {isa = PBXFileReference; lastKnownFileType = wrapper.framework; name = AppKit.framework; path = System/Library/Frameworks/AppKit.framework; sourceTree = SDKROOT; };
		BF0A19C21EA428F4007EBC95 /* Unity */ = {isa = PBXFileReference; lastKnownFileType = folder; path = Unity; sourceTree = "<group>"; };
		BF108A862296F476003DDC5F /* Freenect.h */ = {isa = PBXFileReference; fileEncoding = 4; lastKnownFileType = sourcecode.c.h; name = Freenect.h; path = Source/Freenect.h; sourceTree = "<group>"; };
		BF108A872296F476003DDC5F /* Freenect.cpp */ = {isa = PBXFileReference; fileEncoding = 4; lastKnownFileType = sourcecode.cpp.cpp; name = Freenect.cpp; path = Source/Freenect.cpp; sourceTree = "<group>"; };
		BF108A8B2296F4BE003DDC5F /* Kinect2.cpp */ = {isa = PBXFileReference; fileEncoding = 4; lastKnownFileType = sourcecode.cpp.cpp; name = Kinect2.cpp; path = Source/Kinect2.cpp; sourceTree = "<group>"; };
		BF108A8C2296F4BE003DDC5F /* Kinect2.h */ = {isa = PBXFileReference; fileEncoding = 4; lastKnownFileType = sourcecode.c.h; name = Kinect2.h; path = Source/Kinect2.h; sourceTree = "<group>"; };
		BF108A912296F7D6003DDC5F /* LibFreenect2 */ = {isa = PBXFileReference; lastKnownFileType = folder; path = LibFreenect2; sourceTree = "<group>"; };
		BF108A9622970C92003DDC5F /* TestApp */ = {isa = PBXFileReference; explicitFileType = "compiled.mach-o.executable"; includeInIndex = 0; path = TestApp; sourceTree = BUILT_PRODUCTS_DIR; };
		BF108A9822970C92003DDC5F /* PopCameraDevice_TestApp.cpp */ = {isa = PBXFileReference; lastKnownFileType = sourcecode.cpp.cpp; name = PopCameraDevice_TestApp.cpp; path = Source/PopCameraDevice_TestApp.cpp; sourceTree = "<group>"; };
		BF108A9E22971381003DDC5F /* libfreenect2.a */ = {isa = PBXFileReference; lastKnownFileType = archive.ar; name = libfreenect2.a; path = lib/libfreenect2.a; sourceTree = "<group>"; };
		BF108AA6229714F5003DDC5F /* libusb-1.0.a */ = {isa = PBXFileReference; lastKnownFileType = archive.ar; name = "libusb-1.0.a"; path = "../../../../../usr/local/Cellar/libusb/1.0.21/lib/libusb-1.0.a"; sourceTree = "<group>"; };
		BF108ACF229718ED003DDC5F /* HeapArray.hpp */ = {isa = PBXFileReference; lastKnownFileType = sourcecode.cpp.h; path = HeapArray.hpp; sourceTree = "<group>"; };
		BF108AD2229726CE003DDC5F /* libusb-1.0.a */ = {isa = PBXFileReference; lastKnownFileType = archive.ar; path = "libusb-1.0.a"; sourceTree = "<group>"; };
		BF108AD8229726CE003DDC5F /* Readme.md */ = {isa = PBXFileReference; fileEncoding = 4; lastKnownFileType = net.daringfireball.markdown; path = Readme.md; sourceTree = "<group>"; };
		BF108AE922972877003DDC5F /* libusb.h */ = {isa = PBXFileReference; lastKnownFileType = sourcecode.c.h; path = libusb.h; sourceTree = "<group>"; };
		BF108AEE22972F23003DDC5F /* IOKit.framework */ = {isa = PBXFileReference; lastKnownFileType = wrapper.framework; name = IOKit.framework; path = System/Library/Frameworks/IOKit.framework; sourceTree = SDKROOT; };
		BF108AF322980C2C003DDC5F /* Build.sh */ = {isa = PBXFileReference; lastKnownFileType = text.script.sh; name = Build.sh; path = Source/Libs/LibFreenect2/Build.sh; sourceTree = SOURCE_ROOT; };
		BF1520102384861D00A70EBF /* PopCameraDevice_Ios.framework */ = {isa = PBXFileReference; explicitFileType = wrapper.framework; includeInIndex = 0; path = PopCameraDevice_Ios.framework; sourceTree = BUILT_PRODUCTS_DIR; };
		BF1520132384861D00A70EBF /* Info.plist */ = {isa = PBXFileReference; lastKnownFileType = text.plist.xml; path = Info.plist; sourceTree = "<group>"; };
		BF15201F2385555500A70EBF /* PopCameraDevice_Ios.xcconfig */ = {isa = PBXFileReference; lastKnownFileType = text.xcconfig; name = PopCameraDevice_Ios.xcconfig; path = Source/PopCameraDevice_Ios.xcconfig; sourceTree = "<group>"; };
		BF1520202385593C00A70EBF /* CoreMedia.framework */ = {isa = PBXFileReference; lastKnownFileType = wrapper.framework; name = CoreMedia.framework; path = Platforms/iPhoneOS.platform/Developer/SDKs/iPhoneOS12.1.sdk/System/Library/Frameworks/CoreMedia.framework; sourceTree = DEVELOPER_DIR; };
		BF1520222385594100A70EBF /* VideoToolbox.framework */ = {isa = PBXFileReference; lastKnownFileType = wrapper.framework; name = VideoToolbox.framework; path = Platforms/iPhoneOS.platform/Developer/SDKs/iPhoneOS12.1.sdk/System/Library/Frameworks/VideoToolbox.framework; sourceTree = DEVELOPER_DIR; };
		BF1520242385594900A70EBF /* AVFoundation.framework */ = {isa = PBXFileReference; lastKnownFileType = wrapper.framework; name = AVFoundation.framework; path = Platforms/iPhoneOS.platform/Developer/SDKs/iPhoneOS12.1.sdk/System/Library/Frameworks/AVFoundation.framework; sourceTree = DEVELOPER_DIR; };
		BF152040238559ED00A70EBF /* SoyFourcc.cpp */ = {isa = PBXFileReference; lastKnownFileType = sourcecode.cpp.cpp; path = SoyFourcc.cpp; sourceTree = "<group>"; };
		BF152041238559ED00A70EBF /* SoyFourcc.h */ = {isa = PBXFileReference; lastKnownFileType = sourcecode.c.h; path = SoyFourcc.h; sourceTree = "<group>"; };
		BF15204723855B9800A70EBF /* OpenGLES.framework */ = {isa = PBXFileReference; lastKnownFileType = wrapper.framework; name = OpenGLES.framework; path = Platforms/iPhoneOS.platform/Developer/SDKs/iPhoneOS12.1.sdk/System/Library/Frameworks/OpenGLES.framework; sourceTree = DEVELOPER_DIR; };
		BF15204923855BAA00A70EBF /* CoreVideo.framework */ = {isa = PBXFileReference; lastKnownFileType = wrapper.framework; name = CoreVideo.framework; path = Platforms/iPhoneOS.platform/Developer/SDKs/iPhoneOS12.1.sdk/System/Library/Frameworks/CoreVideo.framework; sourceTree = DEVELOPER_DIR; };
		BF15204B23855BD500A70EBF /* SoyArray.h */ = {isa = PBXFileReference; lastKnownFileType = sourcecode.c.h; path = SoyArray.h; sourceTree = "<group>"; };
		BF15204C23855BD500A70EBF /* SoyArray.cpp */ = {isa = PBXFileReference; lastKnownFileType = sourcecode.cpp.cpp; path = SoyArray.cpp; sourceTree = "<group>"; };
		BF15205023855D8200A70EBF /* CoreGraphics.framework */ = {isa = PBXFileReference; lastKnownFileType = wrapper.framework; name = CoreGraphics.framework; path = Platforms/iPhoneOS.platform/Developer/SDKs/iPhoneOS12.1.sdk/System/Library/Frameworks/CoreGraphics.framework; sourceTree = DEVELOPER_DIR; };
		BF15205223855F1F00A70EBF /* UIKit.framework */ = {isa = PBXFileReference; lastKnownFileType = wrapper.framework; name = UIKit.framework; path = Platforms/iPhoneOS.platform/Developer/SDKs/iPhoneOS12.1.sdk/System/Library/Frameworks/UIKit.framework; sourceTree = DEVELOPER_DIR; };
		BF216E9B24C99989003FD00B /* ARKit.framework */ = {isa = PBXFileReference; lastKnownFileType = wrapper.framework; name = ARKit.framework; path = Platforms/iPhoneOS.platform/Developer/SDKs/iPhoneOS14.0.sdk/System/Library/Frameworks/ARKit.framework; sourceTree = DEVELOPER_DIR; };
		BF216E9E24CA1B7D003FD00B /* json11.cpp */ = {isa = PBXFileReference; lastKnownFileType = sourcecode.cpp.cpp; name = json11.cpp; path = Source/Json11/json11.cpp; sourceTree = SOURCE_ROOT; };
		BF216E9F24CA1B7D003FD00B /* json11.hpp */ = {isa = PBXFileReference; lastKnownFileType = sourcecode.cpp.h; name = json11.hpp; path = Source/Json11/json11.hpp; sourceTree = SOURCE_ROOT; };
		BF2E7CAF22E4EB26008B905F /* TestAppInfo.plist */ = {isa = PBXFileReference; lastKnownFileType = text.plist.xml; name = TestAppInfo.plist; path = Source/TestAppInfo.plist; sourceTree = "<group>"; };
		BF39C0C9240089E9000C7E56 /* Array.hpp */ = {isa = PBXFileReference; lastKnownFileType = sourcecode.cpp.h; path = Array.hpp; sourceTree = "<group>"; };
		BF39C0CA2401EE81000C7E56 /* PopCameraDevice.cs */ = {isa = PBXFileReference; fileEncoding = 4; lastKnownFileType = text; name = PopCameraDevice.cs; path = Unity/PopCameraDevice/Assets/PopCameraDevice/PopCameraDevice.cs; sourceTree = "<group>"; };
		BF67C8552437364600D7492E /* PopOutputDevice.cpp */ = {isa = PBXFileReference; fileEncoding = 4; lastKnownFileType = sourcecode.cpp.cpp; name = PopOutputDevice.cpp; path = Source/PopOutputDevice.cpp; sourceTree = "<group>"; };
		BF67C8582437367F00D7492E /* TOutputDevice.cpp */ = {isa = PBXFileReference; fileEncoding = 4; lastKnownFileType = sourcecode.cpp.cpp; name = TOutputDevice.cpp; path = Source/TOutputDevice.cpp; sourceTree = "<group>"; };
		BF67C8592437367F00D7492E /* TOutputDevice.h */ = {isa = PBXFileReference; fileEncoding = 4; lastKnownFileType = sourcecode.c.h; name = TOutputDevice.h; path = Source/TOutputDevice.h; sourceTree = "<group>"; };
		BF67C85E24373ABD00D7492E /* CoreMediaOutputDevice.mm */ = {isa = PBXFileReference; fileEncoding = 4; lastKnownFileType = sourcecode.cpp.objcpp; name = CoreMediaOutputDevice.mm; path = Source/CoreMediaOutputDevice.mm; sourceTree = "<group>"; };
		BF67C85F24373ABD00D7492E /* CoreMediaOutputDevice.h */ = {isa = PBXFileReference; fileEncoding = 4; lastKnownFileType = sourcecode.c.h; name = CoreMediaOutputDevice.h; path = Source/CoreMediaOutputDevice.h; sourceTree = "<group>"; };
		BF67C86424373BD600D7492E /* CoreMediaIO.framework */ = {isa = PBXFileReference; lastKnownFileType = wrapper.framework; name = CoreMediaIO.framework; path = System/Library/Frameworks/CoreMediaIO.framework; sourceTree = SDKROOT; };
		BF8534B922B3FE360049C01B /* fwfetcher.py */ = {isa = PBXFileReference; fileEncoding = 4; lastKnownFileType = text.script.python; name = fwfetcher.py; path = LibFreenect/src/fwfetcher.py; sourceTree = "<group>"; };
		BF8534BA22B3FE360049C01B /* registration.h */ = {isa = PBXFileReference; fileEncoding = 4; lastKnownFileType = sourcecode.c.h; name = registration.h; path = LibFreenect/src/registration.h; sourceTree = "<group>"; };
		BF8534BB22B3FE360049C01B /* registration.c */ = {isa = PBXFileReference; fileEncoding = 4; lastKnownFileType = sourcecode.c.c; name = registration.c; path = LibFreenect/src/registration.c; sourceTree = "<group>"; };
		BF8534BC22B3FE360049C01B /* usb_libusb10.h */ = {isa = PBXFileReference; fileEncoding = 4; lastKnownFileType = sourcecode.c.h; name = usb_libusb10.h; path = LibFreenect/src/usb_libusb10.h; sourceTree = "<group>"; };
		BF8534BD22B3FE360049C01B /* audio.c */ = {isa = PBXFileReference; fileEncoding = 4; lastKnownFileType = sourcecode.c.c; name = audio.c; path = LibFreenect/src/audio.c; sourceTree = "<group>"; };
		BF8534BE22B3FE370049C01B /* freenect_internal.h */ = {isa = PBXFileReference; fileEncoding = 4; lastKnownFileType = sourcecode.c.h; name = freenect_internal.h; path = LibFreenect/src/freenect_internal.h; sourceTree = "<group>"; };
		BF8534BF22B3FE370049C01B /* cameras.h */ = {isa = PBXFileReference; fileEncoding = 4; lastKnownFileType = sourcecode.c.h; name = cameras.h; path = LibFreenect/src/cameras.h; sourceTree = "<group>"; };
		BF8534C022B3FE370049C01B /* flags.c */ = {isa = PBXFileReference; fileEncoding = 4; lastKnownFileType = sourcecode.c.c; name = flags.c; path = LibFreenect/src/flags.c; sourceTree = "<group>"; };
		BF8534C122B3FE370049C01B /* usb_libusb10.c */ = {isa = PBXFileReference; fileEncoding = 4; lastKnownFileType = sourcecode.c.c; name = usb_libusb10.c; path = LibFreenect/src/usb_libusb10.c; sourceTree = "<group>"; };
		BF8534C222B3FE370049C01B /* cameras.c */ = {isa = PBXFileReference; fileEncoding = 4; lastKnownFileType = sourcecode.c.c; name = cameras.c; path = LibFreenect/src/cameras.c; sourceTree = "<group>"; };
		BF8534C322B3FE370049C01B /* core.c */ = {isa = PBXFileReference; fileEncoding = 4; lastKnownFileType = sourcecode.c.c; name = core.c; path = LibFreenect/src/core.c; sourceTree = "<group>"; };
		BF8534C422B3FE370049C01B /* tilt.c */ = {isa = PBXFileReference; fileEncoding = 4; lastKnownFileType = sourcecode.c.c; name = tilt.c; path = LibFreenect/src/tilt.c; sourceTree = "<group>"; };
		BF8534C522B3FE370049C01B /* libfreenect.pc.in */ = {isa = PBXFileReference; fileEncoding = 4; lastKnownFileType = text; name = libfreenect.pc.in; path = LibFreenect/src/libfreenect.pc.in; sourceTree = "<group>"; };
		BF8534C622B3FE370049C01B /* CMakeLists.txt */ = {isa = PBXFileReference; fileEncoding = 4; lastKnownFileType = text; name = CMakeLists.txt; path = LibFreenect/src/CMakeLists.txt; sourceTree = "<group>"; };
		BF8534C722B3FE370049C01B /* loader.c */ = {isa = PBXFileReference; fileEncoding = 4; lastKnownFileType = sourcecode.c.c; name = loader.c; path = LibFreenect/src/loader.c; sourceTree = "<group>"; };
		BF8534C822B3FE370049C01B /* loader.h */ = {isa = PBXFileReference; fileEncoding = 4; lastKnownFileType = sourcecode.c.h; name = loader.h; path = LibFreenect/src/loader.h; sourceTree = "<group>"; };
		BF8534C922B3FE370049C01B /* flags.h */ = {isa = PBXFileReference; fileEncoding = 4; lastKnownFileType = sourcecode.c.h; name = flags.h; path = LibFreenect/src/flags.h; sourceTree = "<group>"; };
		BF8534F022B402600049C01B /* libfreenect.h */ = {isa = PBXFileReference; lastKnownFileType = sourcecode.c.h; path = libfreenect.h; sourceTree = "<group>"; };
		BF8534F122B402600049C01B /* libfreenect_audio.h */ = {isa = PBXFileReference; lastKnownFileType = sourcecode.c.h; path = libfreenect_audio.h; sourceTree = "<group>"; };
		BF8534F222B402600049C01B /* libfreenect_registration.h */ = {isa = PBXFileReference; lastKnownFileType = sourcecode.c.h; path = libfreenect_registration.h; sourceTree = "<group>"; };
		BFB2EE362487B36F00EB634F /* SoyFourcc.cpp */ = {isa = PBXFileReference; lastKnownFileType = sourcecode.cpp.cpp; path = SoyFourcc.cpp; sourceTree = "<group>"; };
		BFB2EE372487B37000EB634F /* SoyFourcc.h */ = {isa = PBXFileReference; lastKnownFileType = sourcecode.c.h; path = SoyFourcc.h; sourceTree = "<group>"; };
		BFBD322024B7B1A40029951F /* ARKit.framework */ = {isa = PBXFileReference; lastKnownFileType = wrapper.framework; name = ARKit.framework; path = Platforms/iPhoneOS.platform/Developer/SDKs/iPhoneOS12.1.sdk/System/Library/Frameworks/ARKit.framework; sourceTree = DEVELOPER_DIR; };
		BFD607741EA16F0A0035C814 /* IUnityGraphics.h */ = {isa = PBXFileReference; fileEncoding = 4; lastKnownFileType = sourcecode.c.h; name = IUnityGraphics.h; path = Source/Unity/IUnityGraphics.h; sourceTree = "<group>"; };
		BFD607751EA16F0A0035C814 /* IUnityGraphicsD3D9.h */ = {isa = PBXFileReference; fileEncoding = 4; lastKnownFileType = sourcecode.c.h; name = IUnityGraphicsD3D9.h; path = Source/Unity/IUnityGraphicsD3D9.h; sourceTree = "<group>"; };
		BFD607761EA16F0A0035C814 /* IUnityGraphicsD3D11.h */ = {isa = PBXFileReference; fileEncoding = 4; lastKnownFileType = sourcecode.c.h; name = IUnityGraphicsD3D11.h; path = Source/Unity/IUnityGraphicsD3D11.h; sourceTree = "<group>"; };
		BFD607771EA16F0A0035C814 /* IUnityGraphicsD3D12.h */ = {isa = PBXFileReference; fileEncoding = 4; lastKnownFileType = sourcecode.c.h; name = IUnityGraphicsD3D12.h; path = Source/Unity/IUnityGraphicsD3D12.h; sourceTree = "<group>"; };
		BFD607781EA16F0A0035C814 /* IUnityGraphicsMetal.h */ = {isa = PBXFileReference; fileEncoding = 4; lastKnownFileType = sourcecode.c.h; name = IUnityGraphicsMetal.h; path = Source/Unity/IUnityGraphicsMetal.h; sourceTree = "<group>"; };
		BFD607791EA16F0A0035C814 /* IUnityInterface.h */ = {isa = PBXFileReference; fileEncoding = 4; lastKnownFileType = sourcecode.c.h; name = IUnityInterface.h; path = Source/Unity/IUnityInterface.h; sourceTree = "<group>"; };
		BFDBAB8224B9C64F00E8BCE1 /* ArkitCapture.h */ = {isa = PBXFileReference; fileEncoding = 4; lastKnownFileType = sourcecode.c.h; name = ArkitCapture.h; path = Source/ArkitCapture.h; sourceTree = "<group>"; };
		BFDBAB8324B9C64F00E8BCE1 /* ArkitCapture.mm */ = {isa = PBXFileReference; fileEncoding = 4; lastKnownFileType = sourcecode.cpp.objcpp; name = ArkitCapture.mm; path = Source/ArkitCapture.mm; sourceTree = "<group>"; };
		BFE462BC24B1D89000D04A4C /* SoyEnum.h */ = {isa = PBXFileReference; lastKnownFileType = sourcecode.c.h; path = SoyEnum.h; sourceTree = "<group>"; };
		BFE462BD24B1D92E00D04A4C /* magic_enum.hpp */ = {isa = PBXFileReference; lastKnownFileType = sourcecode.cpp.h; name = magic_enum.hpp; path = magic_enum/include/magic_enum.hpp; sourceTree = "<group>"; };
		BFE462C024B3C99D00D04A4C /* PopCameraDevice.Linux */ = {isa = PBXFileReference; lastKnownFileType = folder; path = PopCameraDevice.Linux; sourceTree = "<group>"; };
		BFEE8DE822B006CE00F89A39 /* Freenect2.cpp */ = {isa = PBXFileReference; fileEncoding = 4; lastKnownFileType = sourcecode.cpp.cpp; name = Freenect2.cpp; path = Source/Freenect2.cpp; sourceTree = "<group>"; };
		BFEE8DE922B006CE00F89A39 /* Freenect2.h */ = {isa = PBXFileReference; fileEncoding = 4; lastKnownFileType = sourcecode.c.h; name = Freenect2.h; path = Source/Freenect2.h; sourceTree = "<group>"; };
		BFEE8DEE22B0081F00F89A39 /* SoyAutoReleasePtr.h */ = {isa = PBXFileReference; lastKnownFileType = sourcecode.c.h; path = SoyAutoReleasePtr.h; sourceTree = "<group>"; };
		BFEE8DFB22B125AA00F89A39 /* SoyJson.h */ = {isa = PBXFileReference; fileEncoding = 4; lastKnownFileType = sourcecode.c.h; path = SoyJson.h; sourceTree = "<group>"; };
		BFEE8DFC22B125AA00F89A39 /* SoyJson.cpp */ = {isa = PBXFileReference; fileEncoding = 4; lastKnownFileType = sourcecode.cpp.cpp; path = SoyJson.cpp; sourceTree = "<group>"; };
		BFFAE1FB24AFE4C7006C999C /* Libs */ = {isa = PBXFileReference; lastKnownFileType = folder; name = Libs; path = Source/Libs; sourceTree = "<group>"; };
		BFFAE1FC24AFE4E8006C999C /* Readme.md */ = {isa = PBXFileReference; lastKnownFileType = net.daringfireball.markdown; path = Readme.md; sourceTree = "<group>"; };
		BFFAE1FD24AFE694006C999C /* packages.config */ = {isa = PBXFileReference; lastKnownFileType = text; path = packages.config; sourceTree = "<group>"; };
		BFFAE1FE24AFE7FB006C999C /* KinectAzure.h */ = {isa = PBXFileReference; lastKnownFileType = sourcecode.c.h; name = KinectAzure.h; path = Source/KinectAzure.h; sourceTree = "<group>"; };
		BFFAE1FF24AFE7FB006C999C /* KinectAzure.cpp */ = {isa = PBXFileReference; lastKnownFileType = sourcecode.cpp.cpp; name = KinectAzure.cpp; path = Source/KinectAzure.cpp; sourceTree = "<group>"; };
/* End PBXFileReference section */

/* Begin PBXFrameworksBuildPhase section */
		BF012AC22268DC95003AEB55 /* Frameworks */ = {
			isa = PBXFrameworksBuildPhase;
			buildActionMask = 2147483647;
			files = (
				BF67C86524373BD700D7492E /* CoreMediaIO.framework in Frameworks */,
				BF108AF022972F29003DDC5F /* IOKit.framework in Frameworks */,
				BF012B78226A3303003AEB55 /* AppKit.framework in Frameworks */,
				BF012B6E226A31F3003AEB55 /* CoreServices.framework in Frameworks */,
				BF012B37226A26B0003AEB55 /* CoreVideo.framework in Frameworks */,
				BF012B35226A2696003AEB55 /* CoreGraphics.framework in Frameworks */,
				BF012B33226A267B003AEB55 /* OpenGL.framework in Frameworks */,
				BF012B31226A2665003AEB55 /* VideoToolbox.framework in Frameworks */,
				BF012B2F226A263E003AEB55 /* CoreMedia.framework in Frameworks */,
				BF012B07226A09EC003AEB55 /* AVFoundation.framework in Frameworks */,
				BFEE8DF922B013AD00F89A39 /* libusb-1.0.a in Frameworks */,
			);
			runOnlyForDeploymentPostprocessing = 0;
		};
		BF108A9322970C92003DDC5F /* Frameworks */ = {
			isa = PBXFrameworksBuildPhase;
			buildActionMask = 2147483647;
			files = (
				BF5C4ACC23FB04D1007D6393 /* PopCameraDevice_Osx.framework in Frameworks */,
			);
			runOnlyForDeploymentPostprocessing = 0;
		};
		BF15200D2384861D00A70EBF /* Frameworks */ = {
			isa = PBXFrameworksBuildPhase;
			buildActionMask = 2147483647;
			files = (
				BF216E9C24C99989003FD00B /* ARKit.framework in Frameworks */,
				BFBD322124B7B1A50029951F /* ARKit.framework in Frameworks */,
				BF15205323855F1F00A70EBF /* UIKit.framework in Frameworks */,
				BF15205123855D8300A70EBF /* CoreGraphics.framework in Frameworks */,
				BF15204A23855BAB00A70EBF /* CoreVideo.framework in Frameworks */,
				BF15204823855B9900A70EBF /* OpenGLES.framework in Frameworks */,
				BF1520252385594900A70EBF /* AVFoundation.framework in Frameworks */,
				BF1520232385594200A70EBF /* VideoToolbox.framework in Frameworks */,
				BF1520212385593C00A70EBF /* CoreMedia.framework in Frameworks */,
			);
			runOnlyForDeploymentPostprocessing = 0;
		};
/* End PBXFrameworksBuildPhase section */

/* Begin PBXGroup section */
		BF012AD52269FC5C003AEB55 /* SoyLib */ = {
			isa = PBXGroup;
			children = (
				BFE462BD24B1D92E00D04A4C /* magic_enum.hpp */,
				BF012B1A226A1FD3003AEB55 /* AvfPixelBuffer.h */,
				BF39C0C9240089E9000C7E56 /* Array.hpp */,
				BF012B1B226A1FD3003AEB55 /* AvfPixelBuffer.mm */,
				BF108ACF229718ED003DDC5F /* HeapArray.hpp */,
				BF012AE92269FCBF003AEB55 /* memheap.cpp */,
				BF012AE82269FCBF003AEB55 /* MemHeap.hpp */,
				BF012B24226A21AF003AEB55 /* RemoteArray.h */,
				BF15204C23855BD500A70EBF /* SoyArray.cpp */,
				BF15204B23855BD500A70EBF /* SoyArray.h */,
				BF012AD92269FC83003AEB55 /* SoyAssert.cpp */,
				BF012AD72269FC83003AEB55 /* SoyAssert.h */,
				BFEE8DEE22B0081F00F89A39 /* SoyAutoReleasePtr.h */,
				BF012B25226A21C0003AEB55 /* SoyAvf.h */,
				BF012B26226A21C0003AEB55 /* SoyAvf.mm */,
				BFE462BC24B1D89000D04A4C /* SoyEnum.h */,
				BF012AEF2269FE13003AEB55 /* SoyDebug.cpp */,
				BF012AEE2269FE13003AEB55 /* SoyDebug.h */,
				BF012AED2269FE12003AEB55 /* SoyDebug.mm */,
				BF012B65226A3176003AEB55 /* SoyFilesystem.cpp */,
				BF012B66226A3176003AEB55 /* SoyFilesystem.h */,
				BF012B67226A3176003AEB55 /* SoyFilesystem.mm */,
				BF152040238559ED00A70EBF /* SoyFourcc.cpp */,
				BF152041238559ED00A70EBF /* SoyFourcc.h */,
				BF012B4C226A2726003AEB55 /* SoyGraphics.cpp */,
				BF012B4D226A2726003AEB55 /* SoyGraphics.h */,
				BF012B3D226A26F0003AEB55 /* SoyH264.cpp */,
				BF012B3E226A26F0003AEB55 /* SoyH264.h */,
				BFEE8DFC22B125AA00F89A39 /* SoyJson.cpp */,
				BFEE8DFB22B125AA00F89A39 /* SoyJson.h */,
				BF012B47226A270A003AEB55 /* SoyMedia.cpp */,
				BF012B48226A270A003AEB55 /* SoyMedia.h */,
				BF012B52226A2FCF003AEB55 /* SoyMediaFormat.cpp */,
				BF012B51226A2FCF003AEB55 /* SoyMediaFormat.h */,
				BF012B38226A26E9003AEB55 /* SoyOpengl.cpp */,
				BF012B39226A26E9003AEB55 /* SoyOpengl.h */,
				BF012B2B226A2232003AEB55 /* SoyOpenglContext.cpp */,
				BFB2EE362487B36F00EB634F /* SoyFourcc.cpp */,
				BFB2EE372487B37000EB634F /* SoyFourcc.h */,
				BF012B2A226A222B003AEB55 /* SoyOpenglContext.h */,
				BF012AD82269FC83003AEB55 /* SoyPixels.cpp */,
				BF012AD62269FC83003AEB55 /* SoyPixels.h */,
				BF012B1F226A218F003AEB55 /* SoyScope.cpp */,
				BF012B20226A218F003AEB55 /* SoyScope.h */,
				BF012B61226A30C7003AEB55 /* SoyShader.cpp */,
				BF012B60226A30C7003AEB55 /* SoyShader.h */,
				BF012AE12269FCA4003AEB55 /* SoyString.cpp */,
				BF012AE22269FCA4003AEB55 /* SoyString.h */,
				BF012AE02269FCA4003AEB55 /* SoyString.mm */,
				BF012B42226A26FB003AEB55 /* SoyThread.cpp */,
				BF012B43226A26FB003AEB55 /* SoyThread.h */,
				BF012AFC226A0108003AEB55 /* SoyTime.cpp */,
				BF012AFD226A0108003AEB55 /* SoyTime.h */,
				BF012B74226A3296003AEB55 /* SoyTime.mm */,
				BF012AF72269FE3F003AEB55 /* SoyTypes_CoreFoundation.h */,
				BF012AF62269FE3F003AEB55 /* SoyTypes.cpp */,
				BF012AF52269FE3F003AEB55 /* SoyTypes.h */,
				BF012B5B226A30A6003AEB55 /* SoyVector.cpp */,
				BF012B5C226A30A6003AEB55 /* SoyVector.h */,
				BF012B56226A2FE0003AEB55 /* SoyWave.cpp */,
				BF012B57226A2FE0003AEB55 /* SoyWave.h */,
			);
			name = SoyLib;
			path = Source/SoyLib/src;
			sourceTree = "<group>";
		};
		BF012B05226A09EC003AEB55 /* Frameworks */ = {
			isa = PBXGroup;
			children = (
				BFBD322024B7B1A40029951F /* ARKit.framework */,
				BF216E9B24C99989003FD00B /* ARKit.framework */,
				BF67C86424373BD600D7492E /* CoreMediaIO.framework */,
				BF15205223855F1F00A70EBF /* UIKit.framework */,
				BF15205023855D8200A70EBF /* CoreGraphics.framework */,
				BF15204923855BAA00A70EBF /* CoreVideo.framework */,
				BF15204723855B9800A70EBF /* OpenGLES.framework */,
				BF1520242385594900A70EBF /* AVFoundation.framework */,
				BF1520222385594100A70EBF /* VideoToolbox.framework */,
				BF1520202385593C00A70EBF /* CoreMedia.framework */,
				BF108AEE22972F23003DDC5F /* IOKit.framework */,
				BF012B77226A3303003AEB55 /* AppKit.framework */,
				BF012B6D226A31F2003AEB55 /* CoreServices.framework */,
				BF012B36226A26AF003AEB55 /* CoreVideo.framework */,
				BF012B34226A2696003AEB55 /* CoreGraphics.framework */,
				BF012B32226A267B003AEB55 /* OpenGL.framework */,
				BF012B30226A2665003AEB55 /* VideoToolbox.framework */,
				BF012B2E226A263E003AEB55 /* CoreMedia.framework */,
				BF012B06226A09EC003AEB55 /* AVFoundation.framework */,
			);
			name = Frameworks;
			sourceTree = "<group>";
		};
		BF108A902296F7BD003DDC5F /* Libs */ = {
			isa = PBXGroup;
			children = (
				BFFAE1FD24AFE694006C999C /* packages.config */,
				BF108AD0229726B9003DDC5F /* LibFreenect */,
				BF108A9D2297136F003DDC5F /* LibFreenect2 */,
				BF108A912296F7D6003DDC5F /* LibFreenect2 */,
			);
			name = Libs;
			path = Source/Libs;
			sourceTree = "<group>";
		};
		BF108A9D2297136F003DDC5F /* LibFreenect2 */ = {
			isa = PBXGroup;
			children = (
				BF108AF322980C2C003DDC5F /* Build.sh */,
				BF108AA6229714F5003DDC5F /* libusb-1.0.a */,
				BF108A9E22971381003DDC5F /* libfreenect2.a */,
			);
			name = LibFreenect2;
			path = LibFreenect2/Build;
			sourceTree = "<group>";
		};
		BF108AD0229726B9003DDC5F /* LibFreenect */ = {
			isa = PBXGroup;
			children = (
				BF8534EF22B402600049C01B /* include */,
				BF8534B822B3FE250049C01B /* src */,
				BF108AE922972877003DDC5F /* libusb.h */,
				BF108AD2229726CE003DDC5F /* libusb-1.0.a */,
				BF108AD8229726CE003DDC5F /* Readme.md */,
			);
			path = LibFreenect;
			sourceTree = "<group>";
		};
		BF1520112384861D00A70EBF /* PopCameraDevice_Ios */ = {
			isa = PBXGroup;
			children = (
				BF1520132384861D00A70EBF /* Info.plist */,
			);
			path = PopCameraDevice_Ios;
			sourceTree = "<group>";
		};
		BF216E9D24CA1B5F003FD00B /* Json11 */ = {
			isa = PBXGroup;
			children = (
				BF216E9E24CA1B7D003FD00B /* json11.cpp */,
				BF216E9F24CA1B7D003FD00B /* json11.hpp */,
			);
			path = Json11;
			sourceTree = "<group>";
		};
		BF4A6A0B1EA16D7C00613A64 = {
			isa = PBXGroup;
			children = (
				BFE462C024B3C99D00D04A4C /* PopCameraDevice.Linux */,
				BFFAE1FC24AFE4E8006C999C /* Readme.md */,
				BF108A902296F7BD003DDC5F /* Libs */,
				BFFAE1FB24AFE4C7006C999C /* Libs */,
				BF0A19C21EA428F4007EBC95 /* Unity */,
				BFD6076D1EA16ED20035C814 /* Source */,
				BF1520112384861D00A70EBF /* PopCameraDevice_Ios */,
				BF4A6A151EA16D7D00613A64 /* Products */,
				BF012B05226A09EC003AEB55 /* Frameworks */,
			);
			sourceTree = "<group>";
		};
		BF4A6A151EA16D7D00613A64 /* Products */ = {
			isa = PBXGroup;
			children = (
				BF012AC52268DC95003AEB55 /* PopCameraDevice_Osx.framework */,
				BF108A9622970C92003DDC5F /* TestApp */,
				BF1520102384861D00A70EBF /* PopCameraDevice_Ios.framework */,
			);
			name = Products;
			sourceTree = "<group>";
		};
		BF8534B822B3FE250049C01B /* src */ = {
			isa = PBXGroup;
			children = (
				BF8534BD22B3FE360049C01B /* audio.c */,
				BF8534C222B3FE370049C01B /* cameras.c */,
				BF8534BF22B3FE370049C01B /* cameras.h */,
				BF8534C622B3FE370049C01B /* CMakeLists.txt */,
				BF8534C322B3FE370049C01B /* core.c */,
				BF8534C022B3FE370049C01B /* flags.c */,
				BF8534C922B3FE370049C01B /* flags.h */,
				BF8534BE22B3FE370049C01B /* freenect_internal.h */,
				BF8534B922B3FE360049C01B /* fwfetcher.py */,
				BF8534C522B3FE370049C01B /* libfreenect.pc.in */,
				BF8534C722B3FE370049C01B /* loader.c */,
				BF8534C822B3FE370049C01B /* loader.h */,
				BF8534BB22B3FE360049C01B /* registration.c */,
				BF8534BA22B3FE360049C01B /* registration.h */,
				BF8534C422B3FE370049C01B /* tilt.c */,
				BF8534C122B3FE370049C01B /* usb_libusb10.c */,
				BF8534BC22B3FE360049C01B /* usb_libusb10.h */,
			);
			name = src;
			sourceTree = "<group>";
		};
		BF8534EF22B402600049C01B /* include */ = {
			isa = PBXGroup;
			children = (
				BF8534F022B402600049C01B /* libfreenect.h */,
				BF8534F122B402600049C01B /* libfreenect_audio.h */,
				BF8534F222B402600049C01B /* libfreenect_registration.h */,
			);
			name = include;
			path = LibFreenect/include;
			sourceTree = "<group>";
		};
		BFD6076D1EA16ED20035C814 /* Source */ = {
			isa = PBXGroup;
			children = (
				BF216E9D24CA1B5F003FD00B /* Json11 */,
				BFDBAB8224B9C64F00E8BCE1 /* ArkitCapture.h */,
				BFDBAB8324B9C64F00E8BCE1 /* ArkitCapture.mm */,
				BF012B01226A03C5003AEB55 /* Avf.h */,
				BF012B02226A047F003AEB55 /* Avf.mm */,
				BF012ACD2268DE24003AEB55 /* AvfCapture.h */,
				BF012ACE2268DE24003AEB55 /* AvfCapture.mm */,
				BF012B12226A1D7F003AEB55 /* AvfVideoCapture.h */,
				BF012B11226A1D7F003AEB55 /* AvfVideoCapture.mm */,
				BF012AAE2268DBF8003AEB55 /* BundleInfo.plist */,
				BF67C85F24373ABD00D7492E /* CoreMediaOutputDevice.h */,
				BF67C85E24373ABD00D7492E /* CoreMediaOutputDevice.mm */,
				BF012AA92268DBF7003AEB55 /* FrameworkInfo.plist */,
				BF108A872296F476003DDC5F /* Freenect.cpp */,
				BF108A862296F476003DDC5F /* Freenect.h */,
				BFEE8DE822B006CE00F89A39 /* Freenect2.cpp */,
				BFEE8DE922B006CE00F89A39 /* Freenect2.h */,
				BF108A8B2296F4BE003DDC5F /* Kinect2.cpp */,
				BF108A8C2296F4BE003DDC5F /* Kinect2.h */,
				BFFAE1FF24AFE7FB006C999C /* KinectAzure.cpp */,
				BFFAE1FE24AFE7FB006C999C /* KinectAzure.h */,
				BF012AB02268DBF8003AEB55 /* MfCapture.cpp */,
				BF012AAA2268DBF7003AEB55 /* MfCapture.h */,
				BF012AAD2268DBF7003AEB55 /* MfDecoder.cpp */,
				BF012AAB2268DBF7003AEB55 /* MfDecoder.h */,
				BF15201F2385555500A70EBF /* PopCameraDevice_Ios.xcconfig */,
				BF012ABE2268DC5C003AEB55 /* PopCameraDevice_Osx.xcconfig */,
				BF108A9822970C92003DDC5F /* PopCameraDevice_TestApp.cpp */,
				BF012AB42268DBF8003AEB55 /* PopCameraDevice.cpp */,
				BF39C0CA2401EE81000C7E56 /* PopCameraDevice.cs */,
				BF012AB22268DBF8003AEB55 /* PopCameraDevice.h */,
				BF012AB62268DBF8003AEB55 /* PopCameraDeviceFramework.h */,
				BF67C8552437364600D7492E /* PopOutputDevice.cpp */,
				BF012AD52269FC5C003AEB55 /* SoyLib */,
				BF012AB52268DBF8003AEB55 /* TCameraDevice.cpp */,
				BF012AAF2268DBF8003AEB55 /* TCameraDevice.h */,
				BF2E7CAF22E4EB26008B905F /* TestAppInfo.plist */,
				BF012AAC2268DBF7003AEB55 /* TestDevice.cpp */,
				BF012AB12268DBF8003AEB55 /* TestDevice.h */,
				BF67C8582437367F00D7492E /* TOutputDevice.cpp */,
				BF67C8592437367F00D7492E /* TOutputDevice.h */,
				BFD607731EA16EFC0035C814 /* Unity */,
			);
			name = Source;
			sourceTree = SOURCE_ROOT;
		};
		BFD607731EA16EFC0035C814 /* Unity */ = {
			isa = PBXGroup;
			children = (
				BFD607741EA16F0A0035C814 /* IUnityGraphics.h */,
				BFD607751EA16F0A0035C814 /* IUnityGraphicsD3D9.h */,
				BFD607761EA16F0A0035C814 /* IUnityGraphicsD3D11.h */,
				BFD607771EA16F0A0035C814 /* IUnityGraphicsD3D12.h */,
				BFD607781EA16F0A0035C814 /* IUnityGraphicsMetal.h */,
				BFD607791EA16F0A0035C814 /* IUnityInterface.h */,
			);
			name = Unity;
			sourceTree = "<group>";
		};
/* End PBXGroup section */

/* Begin PBXHeadersBuildPhase section */
		BF012AC02268DC95003AEB55 /* Headers */ = {
			isa = PBXHeadersBuildPhase;
			buildActionMask = 2147483647;
			files = (
				BF012AF22269FE13003AEB55 /* SoyDebug.h in Headers */,
				BF012B53226A2FCF003AEB55 /* SoyMediaFormat.h in Headers */,
				BF012B3C226A26E9003AEB55 /* SoyOpengl.h in Headers */,
				BF012B62226A30C7003AEB55 /* SoyShader.h in Headers */,
				BFEE8DFD22B125AA00F89A39 /* SoyJson.h in Headers */,
				BF012B5A226A2FE0003AEB55 /* SoyWave.h in Headers */,
				BF012B6A226A3176003AEB55 /* SoyFilesystem.h in Headers */,
				BF108AB322971762003DDC5F /* AvfPixelBuffer.h in Headers */,
				BF012AEA2269FCBF003AEB55 /* MemHeap.hpp in Headers */,
				BF012ACF2268DE24003AEB55 /* AvfCapture.h in Headers */,
				BF012B41226A26F1003AEB55 /* SoyH264.h in Headers */,
				BF012B23226A218F003AEB55 /* SoyScope.h in Headers */,
				BF012B46226A26FB003AEB55 /* SoyThread.h in Headers */,
				BF012ADA2269FC83003AEB55 /* SoyPixels.h in Headers */,
				BF012B27226A21C0003AEB55 /* SoyAvf.h in Headers */,
				BF012ADB2269FC83003AEB55 /* SoyAssert.h in Headers */,
				BF012AE72269FCA4003AEB55 /* SoyString.h in Headers */,
				BF012B50226A2726003AEB55 /* SoyGraphics.h in Headers */,
				BF012AFB2269FE3F003AEB55 /* SoyTypes_CoreFoundation.h in Headers */,
				BF012B18226A1D7F003AEB55 /* AvfVideoCapture.h in Headers */,
				BF012B0A226A0B05003AEB55 /* PopCameraDevice.h in Headers */,
				BF012B5F226A30A6003AEB55 /* SoyVector.h in Headers */,
				BF012AF82269FE3F003AEB55 /* SoyTypes.h in Headers */,
				BF012B00226A0108003AEB55 /* SoyTime.h in Headers */,
				BF012B4B226A270A003AEB55 /* SoyMedia.h in Headers */,
			);
			runOnlyForDeploymentPostprocessing = 0;
		};
		BF15200B2384861D00A70EBF /* Headers */ = {
			isa = PBXHeadersBuildPhase;
			buildActionMask = 2147483647;
			files = (
				BFDBAB8424B9C64F00E8BCE1 /* ArkitCapture.h in Headers */,
			);
			runOnlyForDeploymentPostprocessing = 0;
		};
/* End PBXHeadersBuildPhase section */

/* Begin PBXLegacyTarget section */
		BFE462C124B3C9C100D04A4C /* PopCameraDevice_Linux */ = {
			isa = PBXLegacyTarget;
			buildArgumentsString = "$(ACTION)";
			buildConfigurationList = BFE462C224B3C9C100D04A4C /* Build configuration list for PBXLegacyTarget "PopCameraDevice_Linux" */;
			buildPhases = (
			);
			buildToolPath = ./make;
			buildWorkingDirectory = PopEngine.Android;
			dependencies = (
			);
			name = PopCameraDevice_Linux;
			passBuildSettingsInEnvironment = 1;
			productName = PopH264_Linux;
		};
/* End PBXLegacyTarget section */

/* Begin PBXNativeTarget section */
		BF012AC42268DC95003AEB55 /* PopCameraDevice_Osx */ = {
			isa = PBXNativeTarget;
			buildConfigurationList = BF012ACC2268DC95003AEB55 /* Build configuration list for PBXNativeTarget "PopCameraDevice_Osx" */;
			buildPhases = (
				BF108AF622980DFE003DDC5F /* ShellScript */,
				BF012AC02268DC95003AEB55 /* Headers */,
				BF012AC12268DC95003AEB55 /* Sources */,
				BF012AC22268DC95003AEB55 /* Frameworks */,
				BF012AC32268DC95003AEB55 /* Resources */,
			);
			buildRules = (
			);
			dependencies = (
			);
			name = PopCameraDevice_Osx;
			productName = PopCameraDeviceFramework;
			productReference = BF012AC52268DC95003AEB55 /* PopCameraDevice_Osx.framework */;
			productType = "com.apple.product-type.framework";
		};
		BF108A9522970C92003DDC5F /* TestApp */ = {
			isa = PBXNativeTarget;
			buildConfigurationList = BF108A9A22970C92003DDC5F /* Build configuration list for PBXNativeTarget "TestApp" */;
			buildPhases = (
				BF108A9222970C92003DDC5F /* Sources */,
				BF108A9322970C92003DDC5F /* Frameworks */,
				BF5C4AD023FB04D1007D6393 /* Embed Frameworks */,
			);
			buildRules = (
			);
			dependencies = (
				BF5C4ACF23FB04D1007D6393 /* PBXTargetDependency */,
			);
			name = TestApp;
			productName = TestApp;
			productReference = BF108A9622970C92003DDC5F /* TestApp */;
			productType = "com.apple.product-type.tool";
		};
		BF15200F2384861D00A70EBF /* PopCameraDevice_Ios */ = {
			isa = PBXNativeTarget;
			buildConfigurationList = BF1520172384861D00A70EBF /* Build configuration list for PBXNativeTarget "PopCameraDevice_Ios" */;
			buildPhases = (
				BF15200B2384861D00A70EBF /* Headers */,
				BF15200C2384861D00A70EBF /* Sources */,
				BF15200D2384861D00A70EBF /* Frameworks */,
				BF15200E2384861D00A70EBF /* Resources */,
			);
			buildRules = (
			);
			dependencies = (
			);
			name = PopCameraDevice_Ios;
			productName = PopCameraDevice_Ios;
			productReference = BF1520102384861D00A70EBF /* PopCameraDevice_Ios.framework */;
			productType = "com.apple.product-type.framework";
		};
/* End PBXNativeTarget section */

/* Begin PBXProject section */
		BF4A6A0C1EA16D7C00613A64 /* Project object */ = {
			isa = PBXProject;
			attributes = {
				LastUpgradeCheck = 0810;
				ORGANIZATIONNAME = NewChromantics;
				TargetAttributes = {
					BF012AC42268DC95003AEB55 = {
						CreatedOnToolsVersion = 10.1;
						DevelopmentTeam = X52DR36JY2;
						ProvisioningStyle = Automatic;
					};
					BF108A9522970C92003DDC5F = {
						CreatedOnToolsVersion = 10.1;
						DevelopmentTeam = X52DR36JY2;
						ProvisioningStyle = Automatic;
					};
					BF15200F2384861D00A70EBF = {
						CreatedOnToolsVersion = 10.1;
						DevelopmentTeam = X52DR36JY2;
						ProvisioningStyle = Automatic;
					};
					BFE462C124B3C9C100D04A4C = {
						CreatedOnToolsVersion = 10.1;
						DevelopmentTeam = 2HGDT7H2KX;
						ProvisioningStyle = Automatic;
					};
				};
			};
			buildConfigurationList = BF4A6A0F1EA16D7C00613A64 /* Build configuration list for PBXProject "PopCameraDevice" */;
			compatibilityVersion = "Xcode 3.2";
			developmentRegion = English;
			hasScannedForEncodings = 0;
			knownRegions = (
				English,
				en,
			);
			mainGroup = BF4A6A0B1EA16D7C00613A64;
			productRefGroup = BF4A6A151EA16D7D00613A64 /* Products */;
			projectDirPath = "";
			projectRoot = "";
			targets = (
				BF012AC42268DC95003AEB55 /* PopCameraDevice_Osx */,
				BF108A9522970C92003DDC5F /* TestApp */,
				BF15200F2384861D00A70EBF /* PopCameraDevice_Ios */,
				BFE462C124B3C9C100D04A4C /* PopCameraDevice_Linux */,
			);
		};
/* End PBXProject section */

/* Begin PBXResourcesBuildPhase section */
		BF012AC32268DC95003AEB55 /* Resources */ = {
			isa = PBXResourcesBuildPhase;
			buildActionMask = 2147483647;
			files = (
				BF39C0CC2401EE81000C7E56 /* PopCameraDevice.cs in Resources */,
				BF108AE5229726CF003DDC5F /* Readme.md in Resources */,
			);
			runOnlyForDeploymentPostprocessing = 0;
		};
		BF15200E2384861D00A70EBF /* Resources */ = {
			isa = PBXResourcesBuildPhase;
			buildActionMask = 2147483647;
			files = (
				BF39C0CD2401EE81000C7E56 /* PopCameraDevice.cs in Resources */,
			);
			runOnlyForDeploymentPostprocessing = 0;
		};
/* End PBXResourcesBuildPhase section */

/* Begin PBXShellScriptBuildPhase section */
		BF108AF622980DFE003DDC5F /* ShellScript */ = {
			isa = PBXShellScriptBuildPhase;
			buildActionMask = 2147483647;
			files = (
			);
			inputFileListPaths = (
			);
			inputPaths = (
			);
			outputFileListPaths = (
			);
			outputPaths = (
				"$(LIBFREENECT2_BUILD_PATH)/lib/libfreenect2.a",
			);
			runOnlyForDeploymentPostprocessing = 0;
			shellPath = "/bin/sh $(LIBFREENECT2_PATH)/Build.sh $(LIBFREENECT2_PATH)";
			shellScript = "
";
		};
/* End PBXShellScriptBuildPhase section */

/* Begin PBXSourcesBuildPhase section */
		BF012AC12268DC95003AEB55 /* Sources */ = {
			isa = PBXSourcesBuildPhase;
			buildActionMask = 2147483647;
			files = (
				BF012AF42269FE13003AEB55 /* SoyDebug.cpp in Sources */,
				BF012B22226A218F003AEB55 /* SoyScope.cpp in Sources */,
				BF8534CE22B3FE370049C01B /* registration.c in Sources */,
				BF012AE62269FCA4003AEB55 /* SoyString.cpp in Sources */,
				BF012B1E226A1FD3003AEB55 /* AvfPixelBuffer.mm in Sources */,
				BFEE8DFF22B125AA00F89A39 /* SoyJson.cpp in Sources */,
				BF012B4F226A2726003AEB55 /* SoyGraphics.cpp in Sources */,
				BF8534EA22B3FE370049C01B /* loader.c in Sources */,
				BF012B69226A3176003AEB55 /* SoyFilesystem.cpp in Sources */,
				BF8534DD22B3FE370049C01B /* cameras.c in Sources */,
				BF012B76226A3296003AEB55 /* SoyTime.mm in Sources */,
				BF8534D722B3FE370049C01B /* flags.c in Sources */,
				BF012B17226A1D7F003AEB55 /* AvfVideoCapture.mm in Sources */,
				BF012B45226A26FB003AEB55 /* SoyThread.cpp in Sources */,
				BF012B2D226A2232003AEB55 /* SoyOpenglContext.cpp in Sources */,
				BF012B64226A30C7003AEB55 /* SoyShader.cpp in Sources */,
				BF012AD22269FAE2003AEB55 /* PopCameraDevice.cpp in Sources */,
				BF012ADF2269FC83003AEB55 /* SoyAssert.cpp in Sources */,
				BF012B59226A2FE0003AEB55 /* SoyWave.cpp in Sources */,
				BF012ADD2269FC83003AEB55 /* SoyPixels.cpp in Sources */,
				BF012B04226A047F003AEB55 /* Avf.mm in Sources */,
				BF8534E322B3FE370049C01B /* tilt.c in Sources */,
				BF012AFA2269FE3F003AEB55 /* SoyTypes.cpp in Sources */,
				BF012AFF226A0108003AEB55 /* SoyTime.cpp in Sources */,
				BF012AD32269FAE2003AEB55 /* TCameraDevice.cpp in Sources */,
				BF012B4A226A270A003AEB55 /* SoyMedia.cpp in Sources */,
				BF15204E23855BDC00A70EBF /* SoyArray.cpp in Sources */,
				BF012AD12268DE24003AEB55 /* AvfCapture.mm in Sources */,
				BF012B55226A2FCF003AEB55 /* SoyMediaFormat.cpp in Sources */,
				BF8534E022B3FE370049C01B /* core.c in Sources */,
				BF012B3B226A26E9003AEB55 /* SoyOpengl.cpp in Sources */,
				BF012B40226A26F1003AEB55 /* SoyH264.cpp in Sources */,
				BF012AD42269FAE2003AEB55 /* TestDevice.cpp in Sources */,
				BF8534DA22B3FE370049C01B /* usb_libusb10.c in Sources */,
				BFEE8DF022B0097B00F89A39 /* Freenect.cpp in Sources */,
				BF216EA024CA1B81003FD00B /* json11.cpp in Sources */,
				BF8534D222B3FE370049C01B /* audio.c in Sources */,
				BF152043238559F000A70EBF /* SoyFourcc.cpp in Sources */,
				BF012AF12269FE13003AEB55 /* SoyDebug.mm in Sources */,
				BF012B5E226A30A6003AEB55 /* SoyVector.cpp in Sources */,
				BF012AE42269FCA4003AEB55 /* SoyString.mm in Sources */,
				BF012AEC2269FCBF003AEB55 /* memheap.cpp in Sources */,
				BF012B6C226A3176003AEB55 /* SoyFilesystem.mm in Sources */,
				BF012B29226A21C0003AEB55 /* SoyAvf.mm in Sources */,
			);
			runOnlyForDeploymentPostprocessing = 0;
		};
		BF108A9222970C92003DDC5F /* Sources */ = {
			isa = PBXSourcesBuildPhase;
			buildActionMask = 2147483647;
			files = (
				BF108A9922970C92003DDC5F /* PopCameraDevice_TestApp.cpp in Sources */,
			);
			runOnlyForDeploymentPostprocessing = 0;
		};
		BF15200C2384861D00A70EBF /* Sources */ = {
			isa = PBXSourcesBuildPhase;
			buildActionMask = 2147483647;
			files = (
				BF152035238559A200A70EBF /* SoyPixels.cpp in Sources */,
				BF15202F238559A200A70EBF /* SoyH264.cpp in Sources */,
				BF152032238559A200A70EBF /* SoyMediaFormat.cpp in Sources */,
				BF216EA124CA1B82003FD00B /* json11.cpp in Sources */,
				BF152037238559A200A70EBF /* SoyShader.cpp in Sources */,
				BF15203C238559A200A70EBF /* SoyTime.mm in Sources */,
				BF152030238559A200A70EBF /* SoyJson.cpp in Sources */,
				BF15203D238559A200A70EBF /* SoyTypes.cpp in Sources */,
				BF15202B238559A200A70EBF /* SoyDebug.mm in Sources */,
				BF15201E2384863900A70EBF /* TestDevice.cpp in Sources */,
				BF15202E238559A200A70EBF /* SoyGraphics.cpp in Sources */,
				BF152034238559A200A70EBF /* SoyOpenglContext.cpp in Sources */,
				BF15204623855B8C00A70EBF /* SoyDebug.cpp in Sources */,
				BFDBAB8524B9C64F00E8BCE1 /* ArkitCapture.mm in Sources */,
				BF152028238559A200A70EBF /* memheap.cpp in Sources */,
				BF15201D2384863900A70EBF /* TCameraDevice.cpp in Sources */,
				BF152031238559A200A70EBF /* SoyMedia.cpp in Sources */,
				BF152027238559A200A70EBF /* AvfPixelBuffer.mm in Sources */,
				BF1520192384863900A70EBF /* AvfCapture.mm in Sources */,
				BF15202D238559A200A70EBF /* SoyFilesystem.mm in Sources */,
				BF15202C238559A200A70EBF /* SoyFilesystem.cpp in Sources */,
				BF15203F238559A200A70EBF /* SoyWave.cpp in Sources */,
				BF152039238559A200A70EBF /* SoyString.mm in Sources */,
				BF152038238559A200A70EBF /* SoyString.cpp in Sources */,
				BF1520182384863900A70EBF /* Avf.mm in Sources */,
				BF15203A238559A200A70EBF /* SoyThread.cpp in Sources */,
				BF15201A2384863900A70EBF /* AvfVideoCapture.mm in Sources */,
				BF15203B238559A200A70EBF /* SoyTime.cpp in Sources */,
				BF152033238559A200A70EBF /* SoyOpengl.cpp in Sources */,
				BF152036238559A200A70EBF /* SoyScope.cpp in Sources */,
				BF152045238559F100A70EBF /* SoyFourcc.cpp in Sources */,
				BF15203E238559A200A70EBF /* SoyVector.cpp in Sources */,
				BF152029238559A200A70EBF /* SoyAssert.cpp in Sources */,
				BF15201C2384863900A70EBF /* PopCameraDevice.cpp in Sources */,
				BF15202A238559A200A70EBF /* SoyAvf.mm in Sources */,
				BF15204F23855BDD00A70EBF /* SoyArray.cpp in Sources */,
			);
			runOnlyForDeploymentPostprocessing = 0;
		};
/* End PBXSourcesBuildPhase section */

/* Begin PBXTargetDependency section */
		BF5C4ACF23FB04D1007D6393 /* PBXTargetDependency */ = {
			isa = PBXTargetDependency;
			target = BF012AC42268DC95003AEB55 /* PopCameraDevice_Osx */;
			targetProxy = BF5C4ACE23FB04D1007D6393 /* PBXContainerItemProxy */;
		};
/* End PBXTargetDependency section */

/* Begin XCBuildConfiguration section */
		BF012ACA2268DC95003AEB55 /* Debug */ = {
			isa = XCBuildConfiguration;
			baseConfigurationReference = BF012ABE2268DC5C003AEB55 /* PopCameraDevice_Osx.xcconfig */;
			buildSettings = {
				CLANG_ANALYZER_NUMBER_OBJECT_CONVERSION = YES_AGGRESSIVE;
				CLANG_ENABLE_OBJC_WEAK = YES;
				CLANG_WARN_BLOCK_CAPTURE_AUTORELEASING = YES;
				CLANG_WARN_COMMA = YES;
				CLANG_WARN_DEPRECATED_OBJC_IMPLEMENTATIONS = YES;
				CLANG_WARN_NON_LITERAL_NULL_CONVERSION = YES;
				CLANG_WARN_OBJC_IMPLICIT_RETAIN_SELF = YES;
				CLANG_WARN_OBJC_LITERAL_CONVERSION = YES;
				CLANG_WARN_RANGE_LOOP_ANALYSIS = YES;
				CLANG_WARN_STRICT_PROTOTYPES = YES;
				CLANG_WARN_SUSPICIOUS_MOVE = YES;
				CLANG_WARN_UNGUARDED_AVAILABILITY = YES_AGGRESSIVE;
				CODE_SIGN_IDENTITY = "Mac Developer";
				CODE_SIGN_STYLE = Automatic;
				COMBINE_HIDPI_IMAGES = YES;
				CURRENT_PROJECT_VERSION = 1;
				DEFINES_MODULE = YES;
				DEVELOPMENT_TEAM = X52DR36JY2;
				DYLIB_COMPATIBILITY_VERSION = 1;
				DYLIB_CURRENT_VERSION = 1;
				DYLIB_INSTALL_NAME_BASE = "@rpath";
				FRAMEWORK_VERSION = A;
				GCC_C_LANGUAGE_STANDARD = gnu11;
				INFOPLIST_FILE = "$(SRCROOT)/Source/FrameworkInfo.plist";
				INSTALL_PATH = "$(LOCAL_LIBRARY_DIR)/Frameworks";
				LD_RUNPATH_SEARCH_PATHS = "$(inherited) @executable_path/../Frameworks @loader_path/Frameworks";
				LIBRARY_SEARCH_PATHS = (
					"$(inherited)",
					"$(PROJECT_DIR)/Source/Libs/LibFreenect",
				);
				MACOSX_DEPLOYMENT_TARGET = 10.13;
				MTL_ENABLE_DEBUG_INFO = INCLUDE_SOURCE;
				MTL_FAST_MATH = YES;
				PRODUCT_BUNDLE_IDENTIFIER = com.NewChromantics.PopCameraDevice;
				PRODUCT_NAME = "$(TARGET_NAME:c99extidentifier)";
				PROVISIONING_PROFILE_SPECIFIER = "";
				SKIP_INSTALL = YES;
				VERSIONING_SYSTEM = "apple-generic";
				VERSION_INFO_PREFIX = "";
			};
			name = Debug;
		};
		BF012ACB2268DC95003AEB55 /* Release */ = {
			isa = XCBuildConfiguration;
			baseConfigurationReference = BF012ABE2268DC5C003AEB55 /* PopCameraDevice_Osx.xcconfig */;
			buildSettings = {
				CLANG_ANALYZER_NUMBER_OBJECT_CONVERSION = YES_AGGRESSIVE;
				CLANG_ENABLE_OBJC_WEAK = YES;
				CLANG_WARN_BLOCK_CAPTURE_AUTORELEASING = YES;
				CLANG_WARN_COMMA = YES;
				CLANG_WARN_DEPRECATED_OBJC_IMPLEMENTATIONS = YES;
				CLANG_WARN_NON_LITERAL_NULL_CONVERSION = YES;
				CLANG_WARN_OBJC_IMPLICIT_RETAIN_SELF = YES;
				CLANG_WARN_OBJC_LITERAL_CONVERSION = YES;
				CLANG_WARN_RANGE_LOOP_ANALYSIS = YES;
				CLANG_WARN_STRICT_PROTOTYPES = YES;
				CLANG_WARN_SUSPICIOUS_MOVE = YES;
				CLANG_WARN_UNGUARDED_AVAILABILITY = YES_AGGRESSIVE;
				CODE_SIGN_IDENTITY = "Mac Developer";
				CODE_SIGN_STYLE = Automatic;
				COMBINE_HIDPI_IMAGES = YES;
				CURRENT_PROJECT_VERSION = 1;
				DEFINES_MODULE = YES;
				DEVELOPMENT_TEAM = X52DR36JY2;
				DYLIB_COMPATIBILITY_VERSION = 1;
				DYLIB_CURRENT_VERSION = 1;
				DYLIB_INSTALL_NAME_BASE = "@rpath";
				FRAMEWORK_VERSION = A;
				GCC_C_LANGUAGE_STANDARD = gnu11;
				INFOPLIST_FILE = "$(SRCROOT)/Source/FrameworkInfo.plist";
				INSTALL_PATH = "$(LOCAL_LIBRARY_DIR)/Frameworks";
				LD_RUNPATH_SEARCH_PATHS = "$(inherited) @executable_path/../Frameworks @loader_path/Frameworks";
				LIBRARY_SEARCH_PATHS = (
					"$(inherited)",
					"$(PROJECT_DIR)/Source/Libs/LibFreenect",
				);
				MACOSX_DEPLOYMENT_TARGET = 10.13;
				MTL_FAST_MATH = YES;
				PRODUCT_BUNDLE_IDENTIFIER = com.NewChromantics.PopCameraDevice;
				PRODUCT_NAME = "$(TARGET_NAME:c99extidentifier)";
				PROVISIONING_PROFILE_SPECIFIER = "";
				SKIP_INSTALL = YES;
				VERSIONING_SYSTEM = "apple-generic";
				VERSION_INFO_PREFIX = "";
			};
			name = Release;
		};
		BF108A9B22970C92003DDC5F /* Debug */ = {
			isa = XCBuildConfiguration;
			baseConfigurationReference = BF012ABE2268DC5C003AEB55 /* PopCameraDevice_Osx.xcconfig */;
			buildSettings = {
				CLANG_ANALYZER_NUMBER_OBJECT_CONVERSION = YES_AGGRESSIVE;
				CLANG_ENABLE_OBJC_WEAK = YES;
				CLANG_WARN_BLOCK_CAPTURE_AUTORELEASING = YES;
				CLANG_WARN_COMMA = YES;
				CLANG_WARN_DEPRECATED_OBJC_IMPLEMENTATIONS = YES;
				CLANG_WARN_NON_LITERAL_NULL_CONVERSION = YES;
				CLANG_WARN_OBJC_IMPLICIT_RETAIN_SELF = YES;
				CLANG_WARN_OBJC_LITERAL_CONVERSION = YES;
				CLANG_WARN_RANGE_LOOP_ANALYSIS = YES;
				CLANG_WARN_STRICT_PROTOTYPES = YES;
				CLANG_WARN_SUSPICIOUS_MOVE = YES;
				CLANG_WARN_UNGUARDED_AVAILABILITY = YES_AGGRESSIVE;
				CODE_SIGN_IDENTITY = "Mac Developer";
				CODE_SIGN_STYLE = Automatic;
				CREATE_INFOPLIST_SECTION_IN_BINARY = YES;
				DEVELOPMENT_TEAM = X52DR36JY2;
				GCC_C_LANGUAGE_STANDARD = gnu11;
				INFOPLIST_FILE = "$(SRCROOT)/Source/TestAppInfo.plist";
				LIBRARY_SEARCH_PATHS = (
					"$(inherited)",
					"$(PROJECT_DIR)/Source/Libs/LibFreenect",
				);
				MACOSX_DEPLOYMENT_TARGET = 10.13;
				MTL_ENABLE_DEBUG_INFO = INCLUDE_SOURCE;
				MTL_FAST_MATH = YES;
				PRODUCT_BUNDLE_IDENTIFIER = com.NewChromantics.PopCameraDevice.TestApp;
				PRODUCT_NAME = "$(TARGET_NAME)";
				PROVISIONING_PROFILE_SPECIFIER = "";
			};
			name = Debug;
		};
		BF108A9C22970C92003DDC5F /* Release */ = {
			isa = XCBuildConfiguration;
			baseConfigurationReference = BF012ABE2268DC5C003AEB55 /* PopCameraDevice_Osx.xcconfig */;
			buildSettings = {
				CLANG_ANALYZER_NUMBER_OBJECT_CONVERSION = YES_AGGRESSIVE;
				CLANG_ENABLE_OBJC_WEAK = YES;
				CLANG_WARN_BLOCK_CAPTURE_AUTORELEASING = YES;
				CLANG_WARN_COMMA = YES;
				CLANG_WARN_DEPRECATED_OBJC_IMPLEMENTATIONS = YES;
				CLANG_WARN_NON_LITERAL_NULL_CONVERSION = YES;
				CLANG_WARN_OBJC_IMPLICIT_RETAIN_SELF = YES;
				CLANG_WARN_OBJC_LITERAL_CONVERSION = YES;
				CLANG_WARN_RANGE_LOOP_ANALYSIS = YES;
				CLANG_WARN_STRICT_PROTOTYPES = YES;
				CLANG_WARN_SUSPICIOUS_MOVE = YES;
				CLANG_WARN_UNGUARDED_AVAILABILITY = YES_AGGRESSIVE;
				CODE_SIGN_IDENTITY = "Mac Developer";
				CODE_SIGN_STYLE = Automatic;
				CREATE_INFOPLIST_SECTION_IN_BINARY = YES;
				DEVELOPMENT_TEAM = X52DR36JY2;
				GCC_C_LANGUAGE_STANDARD = gnu11;
				INFOPLIST_FILE = "$(SRCROOT)/Source/TestAppInfo.plist";
				LIBRARY_SEARCH_PATHS = (
					"$(inherited)",
					"$(PROJECT_DIR)/Source/Libs/LibFreenect",
				);
				MACOSX_DEPLOYMENT_TARGET = 10.13;
				MTL_FAST_MATH = YES;
				PRODUCT_BUNDLE_IDENTIFIER = com.NewChromantics.PopCameraDevice.TestApp;
				PRODUCT_NAME = "$(TARGET_NAME)";
				PROVISIONING_PROFILE_SPECIFIER = "";
			};
			name = Release;
		};
		BF1520152384861D00A70EBF /* Debug */ = {
			isa = XCBuildConfiguration;
			baseConfigurationReference = BF15201F2385555500A70EBF /* PopCameraDevice_Ios.xcconfig */;
			buildSettings = {
				ALWAYS_SEARCH_USER_PATHS = NO;
				CLANG_ANALYZER_NUMBER_OBJECT_CONVERSION = YES_AGGRESSIVE;
				CLANG_ENABLE_OBJC_WEAK = YES;
				CLANG_WARN_BLOCK_CAPTURE_AUTORELEASING = YES;
				CLANG_WARN_COMMA = YES;
				CLANG_WARN_DEPRECATED_OBJC_IMPLEMENTATIONS = YES;
				CLANG_WARN_NON_LITERAL_NULL_CONVERSION = YES;
				CLANG_WARN_OBJC_IMPLICIT_RETAIN_SELF = YES;
				CLANG_WARN_OBJC_LITERAL_CONVERSION = YES;
				CLANG_WARN_RANGE_LOOP_ANALYSIS = YES;
				CLANG_WARN_STRICT_PROTOTYPES = YES;
				CLANG_WARN_SUSPICIOUS_MOVE = YES;
				CLANG_WARN_UNGUARDED_AVAILABILITY = YES_AGGRESSIVE;
				CODE_SIGN_IDENTITY = "iPhone Developer";
				CODE_SIGN_STYLE = Automatic;
				CURRENT_PROJECT_VERSION = 1;
				DEFINES_MODULE = YES;
				DEVELOPMENT_TEAM = X52DR36JY2;
				DYLIB_COMPATIBILITY_VERSION = 1;
				DYLIB_CURRENT_VERSION = 1;
				DYLIB_INSTALL_NAME_BASE = "@rpath";
				INFOPLIST_FILE = PopCameraDevice_Ios/Info.plist;
				INSTALL_PATH = "$(LOCAL_LIBRARY_DIR)/Frameworks";
				IPHONEOS_DEPLOYMENT_TARGET = 14.0;
				LD_RUNPATH_SEARCH_PATHS = "$(inherited) @executable_path/Frameworks @loader_path/Frameworks";
				MTL_ENABLE_DEBUG_INFO = INCLUDE_SOURCE;
				MTL_FAST_MATH = YES;
				PRODUCT_BUNDLE_IDENTIFIER = com.NewChromantics.PopCameraDevice;
				PRODUCT_NAME = "$(TARGET_NAME:c99extidentifier)";
				SDKROOT = iphoneos;
				SKIP_INSTALL = YES;
				SUPPORTS_MACCATALYST = NO;
				TARGETED_DEVICE_FAMILY = "1,2";
				VALIDATE_PRODUCT = YES;
				VERSIONING_SYSTEM = "apple-generic";
				VERSION_INFO_PREFIX = "";
			};
			name = Debug;
		};
		BF1520162384861D00A70EBF /* Release */ = {
			isa = XCBuildConfiguration;
			baseConfigurationReference = BF15201F2385555500A70EBF /* PopCameraDevice_Ios.xcconfig */;
			buildSettings = {
				ALWAYS_SEARCH_USER_PATHS = NO;
				CLANG_ANALYZER_NUMBER_OBJECT_CONVERSION = YES_AGGRESSIVE;
				CLANG_ENABLE_OBJC_WEAK = YES;
				CLANG_WARN_BLOCK_CAPTURE_AUTORELEASING = YES;
				CLANG_WARN_COMMA = YES;
				CLANG_WARN_DEPRECATED_OBJC_IMPLEMENTATIONS = YES;
				CLANG_WARN_NON_LITERAL_NULL_CONVERSION = YES;
				CLANG_WARN_OBJC_IMPLICIT_RETAIN_SELF = YES;
				CLANG_WARN_OBJC_LITERAL_CONVERSION = YES;
				CLANG_WARN_RANGE_LOOP_ANALYSIS = YES;
				CLANG_WARN_STRICT_PROTOTYPES = YES;
				CLANG_WARN_SUSPICIOUS_MOVE = YES;
				CLANG_WARN_UNGUARDED_AVAILABILITY = YES_AGGRESSIVE;
				CODE_SIGN_IDENTITY = "iPhone Developer";
				CODE_SIGN_STYLE = Automatic;
				CURRENT_PROJECT_VERSION = 1;
				DEFINES_MODULE = YES;
				DEVELOPMENT_TEAM = X52DR36JY2;
				DYLIB_COMPATIBILITY_VERSION = 1;
				DYLIB_CURRENT_VERSION = 1;
				DYLIB_INSTALL_NAME_BASE = "@rpath";
				GCC_OPTIMIZATION_LEVEL = 3;
				INFOPLIST_FILE = PopCameraDevice_Ios/Info.plist;
				INSTALL_PATH = "$(LOCAL_LIBRARY_DIR)/Frameworks";
				IPHONEOS_DEPLOYMENT_TARGET = 14.0;
				LD_RUNPATH_SEARCH_PATHS = "$(inherited) @executable_path/Frameworks @loader_path/Frameworks";
				MTL_FAST_MATH = YES;
				PRODUCT_BUNDLE_IDENTIFIER = com.NewChromantics.PopCameraDevice;
				PRODUCT_NAME = "$(TARGET_NAME:c99extidentifier)";
				SDKROOT = iphoneos;
				SKIP_INSTALL = YES;
				SUPPORTS_MACCATALYST = NO;
				TARGETED_DEVICE_FAMILY = "1,2";
				VALIDATE_PRODUCT = YES;
				VERSIONING_SYSTEM = "apple-generic";
				VERSION_INFO_PREFIX = "";
			};
			name = Release;
		};
		BF4A6A181EA16D7D00613A64 /* Debug */ = {
			isa = XCBuildConfiguration;
			buildSettings = {
				CLANG_ANALYZER_NONNULL = YES;
				CLANG_CXX_LANGUAGE_STANDARD = "gnu++17";
				CLANG_CXX_LIBRARY = "libc++";
				CLANG_ENABLE_MODULES = YES;
				CLANG_ENABLE_OBJC_ARC = YES;
				CLANG_WARN_BOOL_CONVERSION = YES;
				CLANG_WARN_CONSTANT_CONVERSION = YES;
				CLANG_WARN_DIRECT_OBJC_ISA_USAGE = YES_ERROR;
				CLANG_WARN_DOCUMENTATION_COMMENTS = YES;
				CLANG_WARN_EMPTY_BODY = YES;
				CLANG_WARN_ENUM_CONVERSION = YES;
				CLANG_WARN_INFINITE_RECURSION = YES;
				CLANG_WARN_INT_CONVERSION = YES;
				CLANG_WARN_OBJC_ROOT_CLASS = YES_ERROR;
				CLANG_WARN_SUSPICIOUS_MOVES = YES;
				CLANG_WARN_UNREACHABLE_CODE = YES;
				CLANG_WARN__DUPLICATE_METHOD_MATCH = YES;
				CODE_SIGN_IDENTITY = "-";
				COPY_PHASE_STRIP = NO;
				DEBUG_INFORMATION_FORMAT = "dwarf-with-dsym";
				ENABLE_STRICT_OBJC_MSGSEND = YES;
				ENABLE_TESTABILITY = YES;
				GCC_C_LANGUAGE_STANDARD = gnu99;
				GCC_DYNAMIC_NO_PIC = NO;
				GCC_NO_COMMON_BLOCKS = YES;
				GCC_OPTIMIZATION_LEVEL = 0;
				GCC_PREPROCESSOR_DEFINITIONS = (
					"DEBUG=1",
					"$(inherited)",
				);
				GCC_WARN_64_TO_32_BIT_CONVERSION = YES;
				GCC_WARN_ABOUT_RETURN_TYPE = YES_ERROR;
				GCC_WARN_UNDECLARED_SELECTOR = YES;
				GCC_WARN_UNINITIALIZED_AUTOS = YES_AGGRESSIVE;
				GCC_WARN_UNUSED_FUNCTION = YES;
				GCC_WARN_UNUSED_VARIABLE = YES;
				MACOSX_DEPLOYMENT_TARGET = 10.12;
				MTL_ENABLE_DEBUG_INFO = YES;
				ONLY_ACTIVE_ARCH = NO;
				SDKROOT = macosx;
			};
			name = Debug;
		};
		BF4A6A191EA16D7D00613A64 /* Release */ = {
			isa = XCBuildConfiguration;
			buildSettings = {
				CLANG_ANALYZER_NONNULL = YES;
				CLANG_CXX_LANGUAGE_STANDARD = "gnu++17";
				CLANG_CXX_LIBRARY = "libc++";
				CLANG_ENABLE_MODULES = YES;
				CLANG_ENABLE_OBJC_ARC = YES;
				CLANG_WARN_BOOL_CONVERSION = YES;
				CLANG_WARN_CONSTANT_CONVERSION = YES;
				CLANG_WARN_DIRECT_OBJC_ISA_USAGE = YES_ERROR;
				CLANG_WARN_DOCUMENTATION_COMMENTS = YES;
				CLANG_WARN_EMPTY_BODY = YES;
				CLANG_WARN_ENUM_CONVERSION = YES;
				CLANG_WARN_INFINITE_RECURSION = YES;
				CLANG_WARN_INT_CONVERSION = YES;
				CLANG_WARN_OBJC_ROOT_CLASS = YES_ERROR;
				CLANG_WARN_SUSPICIOUS_MOVES = YES;
				CLANG_WARN_UNREACHABLE_CODE = YES;
				CLANG_WARN__DUPLICATE_METHOD_MATCH = YES;
				CODE_SIGN_IDENTITY = "-";
				COPY_PHASE_STRIP = NO;
				DEBUG_INFORMATION_FORMAT = "dwarf-with-dsym";
				ENABLE_NS_ASSERTIONS = NO;
				ENABLE_STRICT_OBJC_MSGSEND = YES;
				GCC_C_LANGUAGE_STANDARD = gnu99;
				GCC_NO_COMMON_BLOCKS = YES;
				GCC_WARN_64_TO_32_BIT_CONVERSION = YES;
				GCC_WARN_ABOUT_RETURN_TYPE = YES_ERROR;
				GCC_WARN_UNDECLARED_SELECTOR = YES;
				GCC_WARN_UNINITIALIZED_AUTOS = YES_AGGRESSIVE;
				GCC_WARN_UNUSED_FUNCTION = YES;
				GCC_WARN_UNUSED_VARIABLE = YES;
				MACOSX_DEPLOYMENT_TARGET = 10.12;
				MTL_ENABLE_DEBUG_INFO = NO;
				ONLY_ACTIVE_ARCH = NO;
				SDKROOT = macosx;
			};
			name = Release;
		};
		BFE462C324B3C9C100D04A4C /* Debug */ = {
			isa = XCBuildConfiguration;
			buildSettings = {
				ALWAYS_SEARCH_USER_PATHS = NO;
				CLANG_ANALYZER_NUMBER_OBJECT_CONVERSION = YES_AGGRESSIVE;
				CLANG_CXX_LANGUAGE_STANDARD = "gnu++14";
				CLANG_ENABLE_OBJC_WEAK = YES;
				CLANG_WARN_BLOCK_CAPTURE_AUTORELEASING = YES;
				CLANG_WARN_COMMA = YES;
				CLANG_WARN_DEPRECATED_OBJC_IMPLEMENTATIONS = YES;
				CLANG_WARN_NON_LITERAL_NULL_CONVERSION = YES;
				CLANG_WARN_OBJC_IMPLICIT_RETAIN_SELF = YES;
				CLANG_WARN_OBJC_LITERAL_CONVERSION = YES;
				CLANG_WARN_RANGE_LOOP_ANALYSIS = YES;
				CLANG_WARN_STRICT_PROTOTYPES = YES;
				CLANG_WARN_SUSPICIOUS_MOVE = YES;
				CLANG_WARN_UNGUARDED_AVAILABILITY = YES_AGGRESSIVE;
				CODE_SIGN_STYLE = Automatic;
				DEBUGGING_SYMBOLS = YES;
				DEBUG_INFORMATION_FORMAT = dwarf;
				DEVELOPMENT_TEAM = 2HGDT7H2KX;
				GCC_C_LANGUAGE_STANDARD = gnu11;
				GCC_GENERATE_DEBUGGING_SYMBOLS = YES;
				GCC_OPTIMIZATION_LEVEL = 0;
				MTL_ENABLE_DEBUG_INFO = INCLUDE_SOURCE;
				MTL_FAST_MATH = YES;
				ONLY_ACTIVE_ARCH = YES;
				OTHER_CFLAGS = "";
				OTHER_LDFLAGS = "";
				PRODUCT_NAME = "$(TARGET_NAME)";
			};
			name = Debug;
		};
		BFE462C424B3C9C100D04A4C /* Release */ = {
			isa = XCBuildConfiguration;
			buildSettings = {
				ALWAYS_SEARCH_USER_PATHS = NO;
				CLANG_ANALYZER_NUMBER_OBJECT_CONVERSION = YES_AGGRESSIVE;
				CLANG_CXX_LANGUAGE_STANDARD = "gnu++14";
				CLANG_ENABLE_OBJC_WEAK = YES;
				CLANG_WARN_BLOCK_CAPTURE_AUTORELEASING = YES;
				CLANG_WARN_COMMA = YES;
				CLANG_WARN_DEPRECATED_OBJC_IMPLEMENTATIONS = YES;
				CLANG_WARN_NON_LITERAL_NULL_CONVERSION = YES;
				CLANG_WARN_OBJC_IMPLICIT_RETAIN_SELF = YES;
				CLANG_WARN_OBJC_LITERAL_CONVERSION = YES;
				CLANG_WARN_RANGE_LOOP_ANALYSIS = YES;
				CLANG_WARN_STRICT_PROTOTYPES = YES;
				CLANG_WARN_SUSPICIOUS_MOVE = YES;
				CLANG_WARN_UNGUARDED_AVAILABILITY = YES_AGGRESSIVE;
				CODE_SIGN_STYLE = Automatic;
				DEBUG_INFORMATION_FORMAT = "dwarf-with-dsym";
				DEVELOPMENT_TEAM = 2HGDT7H2KX;
				GCC_C_LANGUAGE_STANDARD = gnu11;
				MTL_FAST_MATH = YES;
				OTHER_CFLAGS = "";
				OTHER_LDFLAGS = "";
				PRODUCT_NAME = "$(TARGET_NAME)";
			};
			name = Release;
		};
/* End XCBuildConfiguration section */

/* Begin XCConfigurationList section */
		BF012ACC2268DC95003AEB55 /* Build configuration list for PBXNativeTarget "PopCameraDevice_Osx" */ = {
			isa = XCConfigurationList;
			buildConfigurations = (
				BF012ACA2268DC95003AEB55 /* Debug */,
				BF012ACB2268DC95003AEB55 /* Release */,
			);
			defaultConfigurationIsVisible = 0;
			defaultConfigurationName = Release;
		};
		BF108A9A22970C92003DDC5F /* Build configuration list for PBXNativeTarget "TestApp" */ = {
			isa = XCConfigurationList;
			buildConfigurations = (
				BF108A9B22970C92003DDC5F /* Debug */,
				BF108A9C22970C92003DDC5F /* Release */,
			);
			defaultConfigurationIsVisible = 0;
			defaultConfigurationName = Release;
		};
		BF1520172384861D00A70EBF /* Build configuration list for PBXNativeTarget "PopCameraDevice_Ios" */ = {
			isa = XCConfigurationList;
			buildConfigurations = (
				BF1520152384861D00A70EBF /* Debug */,
				BF1520162384861D00A70EBF /* Release */,
			);
			defaultConfigurationIsVisible = 0;
			defaultConfigurationName = Release;
		};
		BF4A6A0F1EA16D7C00613A64 /* Build configuration list for PBXProject "PopCameraDevice" */ = {
			isa = XCConfigurationList;
			buildConfigurations = (
				BF4A6A181EA16D7D00613A64 /* Debug */,
				BF4A6A191EA16D7D00613A64 /* Release */,
			);
			defaultConfigurationIsVisible = 0;
			defaultConfigurationName = Release;
		};
		BFE462C224B3C9C100D04A4C /* Build configuration list for PBXLegacyTarget "PopCameraDevice_Linux" */ = {
			isa = XCConfigurationList;
			buildConfigurations = (
				BFE462C324B3C9C100D04A4C /* Debug */,
				BFE462C424B3C9C100D04A4C /* Release */,
			);
			defaultConfigurationIsVisible = 0;
			defaultConfigurationName = Release;
		};
/* End XCConfigurationList section */
	};
	rootObject = BF4A6A0C1EA16D7C00613A64 /* Project object */;
}
